// !$*UTF8*$!
{
	archiveVersion = 1;
	classes = {
	};
	objectVersion = 46;
	objects = {

/* Begin PBXBuildFile section */
		70002FA51BF5AC9D0006101E /* 1.json in Resources */ = {isa = PBXBuildFile; fileRef = 70002F5C1BF5AC9D0006101E /* 1.json */; };
		70002FA61BF5AC9D0006101E /* 10.json in Resources */ = {isa = PBXBuildFile; fileRef = 70002F5D1BF5AC9D0006101E /* 10.json */; };
		70002FA71BF5AC9D0006101E /* 11.json in Resources */ = {isa = PBXBuildFile; fileRef = 70002F5E1BF5AC9D0006101E /* 11.json */; };
		70002FA81BF5AC9D0006101E /* 12.json in Resources */ = {isa = PBXBuildFile; fileRef = 70002F5F1BF5AC9D0006101E /* 12.json */; };
		70002FA91BF5AC9D0006101E /* 13.json in Resources */ = {isa = PBXBuildFile; fileRef = 70002F601BF5AC9D0006101E /* 13.json */; };
		70002FAA1BF5AC9D0006101E /* 14.json in Resources */ = {isa = PBXBuildFile; fileRef = 70002F611BF5AC9D0006101E /* 14.json */; };
		70002FAB1BF5AC9D0006101E /* 15.json in Resources */ = {isa = PBXBuildFile; fileRef = 70002F621BF5AC9D0006101E /* 15.json */; };
		70002FAC1BF5AC9D0006101E /* 16.json in Resources */ = {isa = PBXBuildFile; fileRef = 70002F631BF5AC9D0006101E /* 16.json */; };
		70002FAD1BF5AC9D0006101E /* 17.json in Resources */ = {isa = PBXBuildFile; fileRef = 70002F641BF5AC9D0006101E /* 17.json */; };
		70002FAE1BF5AC9D0006101E /* 18.json in Resources */ = {isa = PBXBuildFile; fileRef = 70002F651BF5AC9D0006101E /* 18.json */; };
		70002FAF1BF5AC9D0006101E /* 19.json in Resources */ = {isa = PBXBuildFile; fileRef = 70002F661BF5AC9D0006101E /* 19.json */; };
		70002FB01BF5AC9D0006101E /* 2.json in Resources */ = {isa = PBXBuildFile; fileRef = 70002F671BF5AC9D0006101E /* 2.json */; };
		70002FB11BF5AC9D0006101E /* 20.json in Resources */ = {isa = PBXBuildFile; fileRef = 70002F681BF5AC9D0006101E /* 20.json */; };
		70002FB21BF5AC9D0006101E /* 21.json in Resources */ = {isa = PBXBuildFile; fileRef = 70002F691BF5AC9D0006101E /* 21.json */; };
		70002FB31BF5AC9D0006101E /* 22.json in Resources */ = {isa = PBXBuildFile; fileRef = 70002F6A1BF5AC9D0006101E /* 22.json */; };
		70002FB41BF5AC9D0006101E /* 23.json in Resources */ = {isa = PBXBuildFile; fileRef = 70002F6B1BF5AC9D0006101E /* 23.json */; };
		70002FB51BF5AC9D0006101E /* 24.json in Resources */ = {isa = PBXBuildFile; fileRef = 70002F6C1BF5AC9D0006101E /* 24.json */; };
		70002FB61BF5AC9D0006101E /* 25.json in Resources */ = {isa = PBXBuildFile; fileRef = 70002F6D1BF5AC9D0006101E /* 25.json */; };
		70002FB71BF5AC9D0006101E /* 26.json in Resources */ = {isa = PBXBuildFile; fileRef = 70002F6E1BF5AC9D0006101E /* 26.json */; };
		70002FB81BF5AC9D0006101E /* 27.json in Resources */ = {isa = PBXBuildFile; fileRef = 70002F6F1BF5AC9D0006101E /* 27.json */; };
		70002FB91BF5AC9D0006101E /* 28.json in Resources */ = {isa = PBXBuildFile; fileRef = 70002F701BF5AC9D0006101E /* 28.json */; };
		70002FBA1BF5AC9D0006101E /* 29.json in Resources */ = {isa = PBXBuildFile; fileRef = 70002F711BF5AC9D0006101E /* 29.json */; };
		70002FBB1BF5AC9D0006101E /* 3.json in Resources */ = {isa = PBXBuildFile; fileRef = 70002F721BF5AC9D0006101E /* 3.json */; };
		70002FBC1BF5AC9D0006101E /* 30.json in Resources */ = {isa = PBXBuildFile; fileRef = 70002F731BF5AC9D0006101E /* 30.json */; };
		70002FBD1BF5AC9D0006101E /* 31.json in Resources */ = {isa = PBXBuildFile; fileRef = 70002F741BF5AC9D0006101E /* 31.json */; };
		70002FBE1BF5AC9D0006101E /* 32.json in Resources */ = {isa = PBXBuildFile; fileRef = 70002F751BF5AC9D0006101E /* 32.json */; };
		70002FBF1BF5AC9D0006101E /* 33.json in Resources */ = {isa = PBXBuildFile; fileRef = 70002F761BF5AC9D0006101E /* 33.json */; };
		70002FC01BF5AC9D0006101E /* 34.json in Resources */ = {isa = PBXBuildFile; fileRef = 70002F771BF5AC9D0006101E /* 34.json */; };
		70002FC11BF5AC9D0006101E /* 35.json in Resources */ = {isa = PBXBuildFile; fileRef = 70002F781BF5AC9D0006101E /* 35.json */; };
		70002FC21BF5AC9D0006101E /* 36.json in Resources */ = {isa = PBXBuildFile; fileRef = 70002F791BF5AC9D0006101E /* 36.json */; };
		70002FC31BF5AC9D0006101E /* 37.json in Resources */ = {isa = PBXBuildFile; fileRef = 70002F7A1BF5AC9D0006101E /* 37.json */; };
		70002FC41BF5AC9D0006101E /* 38.json in Resources */ = {isa = PBXBuildFile; fileRef = 70002F7B1BF5AC9D0006101E /* 38.json */; };
		70002FC51BF5AC9D0006101E /* 39.json in Resources */ = {isa = PBXBuildFile; fileRef = 70002F7C1BF5AC9D0006101E /* 39.json */; };
		70002FC61BF5AC9D0006101E /* 4.json in Resources */ = {isa = PBXBuildFile; fileRef = 70002F7D1BF5AC9D0006101E /* 4.json */; };
		70002FC71BF5AC9D0006101E /* 40.json in Resources */ = {isa = PBXBuildFile; fileRef = 70002F7E1BF5AC9D0006101E /* 40.json */; };
		70002FC81BF5AC9D0006101E /* 41.json in Resources */ = {isa = PBXBuildFile; fileRef = 70002F7F1BF5AC9D0006101E /* 41.json */; };
		70002FC91BF5AC9D0006101E /* 42.json in Resources */ = {isa = PBXBuildFile; fileRef = 70002F801BF5AC9D0006101E /* 42.json */; };
		70002FCA1BF5AC9D0006101E /* 43.json in Resources */ = {isa = PBXBuildFile; fileRef = 70002F811BF5AC9D0006101E /* 43.json */; };
		70002FCB1BF5AC9D0006101E /* 44.json in Resources */ = {isa = PBXBuildFile; fileRef = 70002F821BF5AC9D0006101E /* 44.json */; };
		70002FCC1BF5AC9D0006101E /* 45.json in Resources */ = {isa = PBXBuildFile; fileRef = 70002F831BF5AC9D0006101E /* 45.json */; };
		70002FCD1BF5AC9D0006101E /* 46.json in Resources */ = {isa = PBXBuildFile; fileRef = 70002F841BF5AC9D0006101E /* 46.json */; };
		70002FCE1BF5AC9D0006101E /* 47.json in Resources */ = {isa = PBXBuildFile; fileRef = 70002F851BF5AC9D0006101E /* 47.json */; };
		70002FCF1BF5AC9D0006101E /* 48.json in Resources */ = {isa = PBXBuildFile; fileRef = 70002F861BF5AC9D0006101E /* 48.json */; };
		70002FD01BF5AC9D0006101E /* 49.json in Resources */ = {isa = PBXBuildFile; fileRef = 70002F871BF5AC9D0006101E /* 49.json */; };
		70002FD11BF5AC9D0006101E /* 5.json in Resources */ = {isa = PBXBuildFile; fileRef = 70002F881BF5AC9D0006101E /* 5.json */; };
		70002FD21BF5AC9D0006101E /* 50.json in Resources */ = {isa = PBXBuildFile; fileRef = 70002F891BF5AC9D0006101E /* 50.json */; };
		70002FD31BF5AC9D0006101E /* 51.json in Resources */ = {isa = PBXBuildFile; fileRef = 70002F8A1BF5AC9D0006101E /* 51.json */; };
		70002FD41BF5AC9D0006101E /* 52.json in Resources */ = {isa = PBXBuildFile; fileRef = 70002F8B1BF5AC9D0006101E /* 52.json */; };
		70002FD51BF5AC9D0006101E /* 53.json in Resources */ = {isa = PBXBuildFile; fileRef = 70002F8C1BF5AC9D0006101E /* 53.json */; };
		70002FD61BF5AC9D0006101E /* 54.json in Resources */ = {isa = PBXBuildFile; fileRef = 70002F8D1BF5AC9D0006101E /* 54.json */; };
		70002FD71BF5AC9D0006101E /* 55.json in Resources */ = {isa = PBXBuildFile; fileRef = 70002F8E1BF5AC9D0006101E /* 55.json */; };
		70002FD81BF5AC9D0006101E /* 56.json in Resources */ = {isa = PBXBuildFile; fileRef = 70002F8F1BF5AC9D0006101E /* 56.json */; };
		70002FD91BF5AC9D0006101E /* 57.json in Resources */ = {isa = PBXBuildFile; fileRef = 70002F901BF5AC9D0006101E /* 57.json */; };
		70002FDA1BF5AC9D0006101E /* 58.json in Resources */ = {isa = PBXBuildFile; fileRef = 70002F911BF5AC9D0006101E /* 58.json */; };
		70002FDB1BF5AC9D0006101E /* 59.json in Resources */ = {isa = PBXBuildFile; fileRef = 70002F921BF5AC9D0006101E /* 59.json */; };
		70002FDC1BF5AC9D0006101E /* 6.json in Resources */ = {isa = PBXBuildFile; fileRef = 70002F931BF5AC9D0006101E /* 6.json */; };
		70002FDD1BF5AC9D0006101E /* 60.json in Resources */ = {isa = PBXBuildFile; fileRef = 70002F941BF5AC9D0006101E /* 60.json */; };
		70002FDE1BF5AC9D0006101E /* 61.json in Resources */ = {isa = PBXBuildFile; fileRef = 70002F951BF5AC9D0006101E /* 61.json */; };
		70002FDF1BF5AC9D0006101E /* 62.json in Resources */ = {isa = PBXBuildFile; fileRef = 70002F961BF5AC9D0006101E /* 62.json */; };
		70002FE01BF5AC9D0006101E /* 63.json in Resources */ = {isa = PBXBuildFile; fileRef = 70002F971BF5AC9D0006101E /* 63.json */; };
		70002FE11BF5AC9D0006101E /* 64.json in Resources */ = {isa = PBXBuildFile; fileRef = 70002F981BF5AC9D0006101E /* 64.json */; };
		70002FE21BF5AC9D0006101E /* 65.json in Resources */ = {isa = PBXBuildFile; fileRef = 70002F991BF5AC9D0006101E /* 65.json */; };
		70002FE31BF5AC9D0006101E /* 66.json in Resources */ = {isa = PBXBuildFile; fileRef = 70002F9A1BF5AC9D0006101E /* 66.json */; };
		70002FE41BF5AC9D0006101E /* 67.json in Resources */ = {isa = PBXBuildFile; fileRef = 70002F9B1BF5AC9D0006101E /* 67.json */; };
		70002FE51BF5AC9D0006101E /* 68.json in Resources */ = {isa = PBXBuildFile; fileRef = 70002F9C1BF5AC9D0006101E /* 68.json */; };
		70002FE61BF5AC9D0006101E /* 69.json in Resources */ = {isa = PBXBuildFile; fileRef = 70002F9D1BF5AC9D0006101E /* 69.json */; };
		70002FE71BF5AC9D0006101E /* 7.json in Resources */ = {isa = PBXBuildFile; fileRef = 70002F9E1BF5AC9D0006101E /* 7.json */; };
		70002FE81BF5AC9D0006101E /* 70.json in Resources */ = {isa = PBXBuildFile; fileRef = 70002F9F1BF5AC9D0006101E /* 70.json */; };
		70002FE91BF5AC9D0006101E /* 8.json in Resources */ = {isa = PBXBuildFile; fileRef = 70002FA01BF5AC9D0006101E /* 8.json */; };
		70002FEA1BF5AC9D0006101E /* 9.json in Resources */ = {isa = PBXBuildFile; fileRef = 70002FA11BF5AC9D0006101E /* 9.json */; };
		70002FEB1BF5AC9D0006101E /* dicgen.pl in Resources */ = {isa = PBXBuildFile; fileRef = 70002FA21BF5AC9D0006101E /* dicgen.pl */; };
		70002FEC1BF5AC9D0006101E /* dictionary.txt in Resources */ = {isa = PBXBuildFile; fileRef = 70002FA31BF5AC9D0006101E /* dictionary.txt */; };
		70002FED1BF5AC9D0006101E /* wordmap.txt in Resources */ = {isa = PBXBuildFile; fileRef = 70002FA41BF5AC9D0006101E /* wordmap.txt */; };
		70114C6C1C060C02003EB634 /* panaki.aiff in Resources */ = {isa = PBXBuildFile; fileRef = 70114C6B1C060C02003EB634 /* panaki.aiff */; };
		7016A25F1BF5AE8D001BC388 /* SwiftyJSON.framework in Frameworks */ = {isa = PBXBuildFile; fileRef = 7016A25E1BF5AE8D001BC388 /* SwiftyJSON.framework */; };
		7016A2611BF5EC08001BC388 /* SwiftyJSON.framework in Frameworks */ = {isa = PBXBuildFile; fileRef = 7016A2601BF5EC08001BC388 /* SwiftyJSON.framework */; };
		7016A2621BF5F3F4001BC388 /* AppDelegate.swift in Sources */ = {isa = PBXBuildFile; fileRef = FEE1F1A21BEB2F350096F7E4 /* AppDelegate.swift */; };
		7016A2631BF5F3F7001BC388 /* ViewController.swift in Sources */ = {isa = PBXBuildFile; fileRef = FEE1F1A41BEB2F350096F7E4 /* ViewController.swift */; };
		7016A2641BF5F3F9001BC388 /* Andrea_higa_word.swift in Sources */ = {isa = PBXBuildFile; fileRef = 704AEB2F1BEB307000721ACD /* Andrea_higa_word.swift */; };
		7016A2651BF5F3FC001BC388 /* Andrea_higa.swift in Sources */ = {isa = PBXBuildFile; fileRef = 704AEB311BEB308A00721ACD /* Andrea_higa.swift */; };
		7016A2661BF5F3FE001BC388 /* Andrea_higa_score.swift in Sources */ = {isa = PBXBuildFile; fileRef = 704AEB331BEB30A100721ACD /* Andrea_higa_score.swift */; };
		704AEB301BEB307000721ACD /* Andrea_higa_word.swift in Sources */ = {isa = PBXBuildFile; fileRef = 704AEB2F1BEB307000721ACD /* Andrea_higa_word.swift */; };
		704AEB321BEB308A00721ACD /* Andrea_higa.swift in Sources */ = {isa = PBXBuildFile; fileRef = 704AEB311BEB308A00721ACD /* Andrea_higa.swift */; };
		704AEB341BEB30A100721ACD /* Andrea_higa_score.swift in Sources */ = {isa = PBXBuildFile; fileRef = 704AEB331BEB30A100721ACD /* Andrea_higa_score.swift */; };
		707C4DA01C3E0689007494BE /* Discription.swift in Sources */ = {isa = PBXBuildFile; fileRef = 707C4D9F1C3E0689007494BE /* Discription.swift */; };
		707C4DA61C3E0A1C007494BE /* m1.jpg in Resources */ = {isa = PBXBuildFile; fileRef = 707C4DA21C3E0A1C007494BE /* m1.jpg */; };
		707C4DA71C3E0A1C007494BE /* m2.jpg in Resources */ = {isa = PBXBuildFile; fileRef = 707C4DA31C3E0A1C007494BE /* m2.jpg */; };
		707C4DA81C3E0A1C007494BE /* m4.jpg in Resources */ = {isa = PBXBuildFile; fileRef = 707C4DA41C3E0A1C007494BE /* m4.jpg */; };
		707C4DA91C3E0A1C007494BE /* sendbutton.png in Resources */ = {isa = PBXBuildFile; fileRef = 707C4DA51C3E0A1C007494BE /* sendbutton.png */; };
		70EC11D21C6E0135008D066C /* panaki.png in Resources */ = {isa = PBXBuildFile; fileRef = 70EC11D01C6E0135008D066C /* panaki.png */; };
		70EC11D41C6E023C008D066C /* me.png in Resources */ = {isa = PBXBuildFile; fileRef = 70EC11D31C6E023C008D066C /* me.png */; };
		A10A371741D6F7F4BA9988FF /* Pods.framework in Frameworks */ = {isa = PBXBuildFile; fileRef = 90E32F840A7DAF4CA91003A9 /* Pods.framework */; };
		A849ECFC1C6C14E4005F42A7 /* scoreview.swift in Sources */ = {isa = PBXBuildFile; fileRef = A849ECFB1C6C14E4005F42A7 /* scoreview.swift */; };
		A889D3381C6C3D69007C60BD /* bg.png in Resources */ = {isa = PBXBuildFile; fileRef = A889D3371C6C3D69007C60BD /* bg.png */; };
		FE9E06341C04295A007C6AED /* Launch Screen.storyboard in Resources */ = {isa = PBXBuildFile; fileRef = FE9E06331C04295A007C6AED /* Launch Screen.storyboard */; };
		FE9E06361C0439BF007C6AED /* sprsh.png in Resources */ = {isa = PBXBuildFile; fileRef = FE9E06351C0439BF007C6AED /* sprsh.png */; };
		FEE1F1A31BEB2F350096F7E4 /* AppDelegate.swift in Sources */ = {isa = PBXBuildFile; fileRef = FEE1F1A21BEB2F350096F7E4 /* AppDelegate.swift */; };
		FEE1F1A51BEB2F350096F7E4 /* ViewController.swift in Sources */ = {isa = PBXBuildFile; fileRef = FEE1F1A41BEB2F350096F7E4 /* ViewController.swift */; };
		FEE1F1AA1BEB2F350096F7E4 /* Assets.xcassets in Resources */ = {isa = PBXBuildFile; fileRef = FEE1F1A91BEB2F350096F7E4 /* Assets.xcassets */; };
		FEE1F1B81BEB2F360096F7E4 /* panakiTests.swift in Sources */ = {isa = PBXBuildFile; fileRef = FEE1F1B71BEB2F360096F7E4 /* panakiTests.swift */; };
		FEE1F1C31BEB2F360096F7E4 /* panakiUITests.swift in Sources */ = {isa = PBXBuildFile; fileRef = FEE1F1C21BEB2F360096F7E4 /* panakiUITests.swift */; };
/* End PBXBuildFile section */

/* Begin PBXContainerItemProxy section */
		FEE1F1B41BEB2F360096F7E4 /* PBXContainerItemProxy */ = {
			isa = PBXContainerItemProxy;
			containerPortal = FEE1F1971BEB2F350096F7E4 /* Project object */;
			proxyType = 1;
			remoteGlobalIDString = FEE1F19E1BEB2F350096F7E4;
			remoteInfo = panaki;
		};
		FEE1F1BF1BEB2F360096F7E4 /* PBXContainerItemProxy */ = {
			isa = PBXContainerItemProxy;
			containerPortal = FEE1F1971BEB2F350096F7E4 /* Project object */;
			proxyType = 1;
			remoteGlobalIDString = FEE1F19E1BEB2F350096F7E4;
			remoteInfo = panaki;
		};
/* End PBXContainerItemProxy section */

/* Begin PBXFileReference section */
		70002F5C1BF5AC9D0006101E /* 1.json */ = {isa = PBXFileReference; fileEncoding = 4; lastKnownFileType = text.json; path = 1.json; sourceTree = "<group>"; };
		70002F5D1BF5AC9D0006101E /* 10.json */ = {isa = PBXFileReference; fileEncoding = 4; lastKnownFileType = text.json; path = 10.json; sourceTree = "<group>"; };
		70002F5E1BF5AC9D0006101E /* 11.json */ = {isa = PBXFileReference; fileEncoding = 4; lastKnownFileType = text.json; path = 11.json; sourceTree = "<group>"; };
		70002F5F1BF5AC9D0006101E /* 12.json */ = {isa = PBXFileReference; fileEncoding = 4; lastKnownFileType = text.json; path = 12.json; sourceTree = "<group>"; };
		70002F601BF5AC9D0006101E /* 13.json */ = {isa = PBXFileReference; fileEncoding = 4; lastKnownFileType = text.json; path = 13.json; sourceTree = "<group>"; };
		70002F611BF5AC9D0006101E /* 14.json */ = {isa = PBXFileReference; fileEncoding = 4; lastKnownFileType = text.json; path = 14.json; sourceTree = "<group>"; };
		70002F621BF5AC9D0006101E /* 15.json */ = {isa = PBXFileReference; fileEncoding = 4; lastKnownFileType = text.json; path = 15.json; sourceTree = "<group>"; };
		70002F631BF5AC9D0006101E /* 16.json */ = {isa = PBXFileReference; fileEncoding = 4; lastKnownFileType = text.json; path = 16.json; sourceTree = "<group>"; };
		70002F641BF5AC9D0006101E /* 17.json */ = {isa = PBXFileReference; fileEncoding = 4; lastKnownFileType = text.json; path = 17.json; sourceTree = "<group>"; };
		70002F651BF5AC9D0006101E /* 18.json */ = {isa = PBXFileReference; fileEncoding = 4; lastKnownFileType = text.json; path = 18.json; sourceTree = "<group>"; };
		70002F661BF5AC9D0006101E /* 19.json */ = {isa = PBXFileReference; fileEncoding = 4; lastKnownFileType = text.json; path = 19.json; sourceTree = "<group>"; };
		70002F671BF5AC9D0006101E /* 2.json */ = {isa = PBXFileReference; fileEncoding = 4; lastKnownFileType = text.json; path = 2.json; sourceTree = "<group>"; };
		70002F681BF5AC9D0006101E /* 20.json */ = {isa = PBXFileReference; fileEncoding = 4; lastKnownFileType = text.json; path = 20.json; sourceTree = "<group>"; };
		70002F691BF5AC9D0006101E /* 21.json */ = {isa = PBXFileReference; fileEncoding = 4; lastKnownFileType = text.json; path = 21.json; sourceTree = "<group>"; };
		70002F6A1BF5AC9D0006101E /* 22.json */ = {isa = PBXFileReference; fileEncoding = 4; lastKnownFileType = text.json; path = 22.json; sourceTree = "<group>"; };
		70002F6B1BF5AC9D0006101E /* 23.json */ = {isa = PBXFileReference; fileEncoding = 4; lastKnownFileType = text.json; path = 23.json; sourceTree = "<group>"; };
		70002F6C1BF5AC9D0006101E /* 24.json */ = {isa = PBXFileReference; fileEncoding = 4; lastKnownFileType = text.json; path = 24.json; sourceTree = "<group>"; };
		70002F6D1BF5AC9D0006101E /* 25.json */ = {isa = PBXFileReference; fileEncoding = 4; lastKnownFileType = text.json; path = 25.json; sourceTree = "<group>"; };
		70002F6E1BF5AC9D0006101E /* 26.json */ = {isa = PBXFileReference; fileEncoding = 4; lastKnownFileType = text.json; path = 26.json; sourceTree = "<group>"; };
		70002F6F1BF5AC9D0006101E /* 27.json */ = {isa = PBXFileReference; fileEncoding = 4; lastKnownFileType = text.json; path = 27.json; sourceTree = "<group>"; };
		70002F701BF5AC9D0006101E /* 28.json */ = {isa = PBXFileReference; fileEncoding = 4; lastKnownFileType = text.json; path = 28.json; sourceTree = "<group>"; };
		70002F711BF5AC9D0006101E /* 29.json */ = {isa = PBXFileReference; fileEncoding = 4; lastKnownFileType = text.json; path = 29.json; sourceTree = "<group>"; };
		70002F721BF5AC9D0006101E /* 3.json */ = {isa = PBXFileReference; fileEncoding = 4; lastKnownFileType = text.json; path = 3.json; sourceTree = "<group>"; };
		70002F731BF5AC9D0006101E /* 30.json */ = {isa = PBXFileReference; fileEncoding = 4; lastKnownFileType = text.json; path = 30.json; sourceTree = "<group>"; };
		70002F741BF5AC9D0006101E /* 31.json */ = {isa = PBXFileReference; fileEncoding = 4; lastKnownFileType = text.json; path = 31.json; sourceTree = "<group>"; };
		70002F751BF5AC9D0006101E /* 32.json */ = {isa = PBXFileReference; fileEncoding = 4; lastKnownFileType = text.json; path = 32.json; sourceTree = "<group>"; };
		70002F761BF5AC9D0006101E /* 33.json */ = {isa = PBXFileReference; fileEncoding = 4; lastKnownFileType = text.json; path = 33.json; sourceTree = "<group>"; };
		70002F771BF5AC9D0006101E /* 34.json */ = {isa = PBXFileReference; fileEncoding = 4; lastKnownFileType = text.json; path = 34.json; sourceTree = "<group>"; };
		70002F781BF5AC9D0006101E /* 35.json */ = {isa = PBXFileReference; fileEncoding = 4; lastKnownFileType = text.json; path = 35.json; sourceTree = "<group>"; };
		70002F791BF5AC9D0006101E /* 36.json */ = {isa = PBXFileReference; fileEncoding = 4; lastKnownFileType = text.json; path = 36.json; sourceTree = "<group>"; };
		70002F7A1BF5AC9D0006101E /* 37.json */ = {isa = PBXFileReference; fileEncoding = 4; lastKnownFileType = text.json; path = 37.json; sourceTree = "<group>"; };
		70002F7B1BF5AC9D0006101E /* 38.json */ = {isa = PBXFileReference; fileEncoding = 4; lastKnownFileType = text.json; path = 38.json; sourceTree = "<group>"; };
		70002F7C1BF5AC9D0006101E /* 39.json */ = {isa = PBXFileReference; fileEncoding = 4; lastKnownFileType = text.json; path = 39.json; sourceTree = "<group>"; };
		70002F7D1BF5AC9D0006101E /* 4.json */ = {isa = PBXFileReference; fileEncoding = 4; lastKnownFileType = text.json; path = 4.json; sourceTree = "<group>"; };
		70002F7E1BF5AC9D0006101E /* 40.json */ = {isa = PBXFileReference; fileEncoding = 4; lastKnownFileType = text.json; path = 40.json; sourceTree = "<group>"; };
		70002F7F1BF5AC9D0006101E /* 41.json */ = {isa = PBXFileReference; fileEncoding = 4; lastKnownFileType = text.json; path = 41.json; sourceTree = "<group>"; };
		70002F801BF5AC9D0006101E /* 42.json */ = {isa = PBXFileReference; fileEncoding = 4; lastKnownFileType = text.json; path = 42.json; sourceTree = "<group>"; };
		70002F811BF5AC9D0006101E /* 43.json */ = {isa = PBXFileReference; fileEncoding = 4; lastKnownFileType = text.json; path = 43.json; sourceTree = "<group>"; };
		70002F821BF5AC9D0006101E /* 44.json */ = {isa = PBXFileReference; fileEncoding = 4; lastKnownFileType = text.json; path = 44.json; sourceTree = "<group>"; };
		70002F831BF5AC9D0006101E /* 45.json */ = {isa = PBXFileReference; fileEncoding = 4; lastKnownFileType = text.json; path = 45.json; sourceTree = "<group>"; };
		70002F841BF5AC9D0006101E /* 46.json */ = {isa = PBXFileReference; fileEncoding = 4; lastKnownFileType = text.json; path = 46.json; sourceTree = "<group>"; };
		70002F851BF5AC9D0006101E /* 47.json */ = {isa = PBXFileReference; fileEncoding = 4; lastKnownFileType = text.json; path = 47.json; sourceTree = "<group>"; };
		70002F861BF5AC9D0006101E /* 48.json */ = {isa = PBXFileReference; fileEncoding = 4; lastKnownFileType = text.json; path = 48.json; sourceTree = "<group>"; };
		70002F871BF5AC9D0006101E /* 49.json */ = {isa = PBXFileReference; fileEncoding = 4; lastKnownFileType = text.json; path = 49.json; sourceTree = "<group>"; };
		70002F881BF5AC9D0006101E /* 5.json */ = {isa = PBXFileReference; fileEncoding = 4; lastKnownFileType = text.json; path = 5.json; sourceTree = "<group>"; };
		70002F891BF5AC9D0006101E /* 50.json */ = {isa = PBXFileReference; fileEncoding = 4; lastKnownFileType = text.json; path = 50.json; sourceTree = "<group>"; };
		70002F8A1BF5AC9D0006101E /* 51.json */ = {isa = PBXFileReference; fileEncoding = 4; lastKnownFileType = text.json; path = 51.json; sourceTree = "<group>"; };
		70002F8B1BF5AC9D0006101E /* 52.json */ = {isa = PBXFileReference; fileEncoding = 4; lastKnownFileType = text.json; path = 52.json; sourceTree = "<group>"; };
		70002F8C1BF5AC9D0006101E /* 53.json */ = {isa = PBXFileReference; fileEncoding = 4; lastKnownFileType = text.json; path = 53.json; sourceTree = "<group>"; };
		70002F8D1BF5AC9D0006101E /* 54.json */ = {isa = PBXFileReference; fileEncoding = 4; lastKnownFileType = text.json; path = 54.json; sourceTree = "<group>"; };
		70002F8E1BF5AC9D0006101E /* 55.json */ = {isa = PBXFileReference; fileEncoding = 4; lastKnownFileType = text.json; path = 55.json; sourceTree = "<group>"; };
		70002F8F1BF5AC9D0006101E /* 56.json */ = {isa = PBXFileReference; fileEncoding = 4; lastKnownFileType = text.json; path = 56.json; sourceTree = "<group>"; };
		70002F901BF5AC9D0006101E /* 57.json */ = {isa = PBXFileReference; fileEncoding = 4; lastKnownFileType = text.json; path = 57.json; sourceTree = "<group>"; };
		70002F911BF5AC9D0006101E /* 58.json */ = {isa = PBXFileReference; fileEncoding = 4; lastKnownFileType = text.json; path = 58.json; sourceTree = "<group>"; };
		70002F921BF5AC9D0006101E /* 59.json */ = {isa = PBXFileReference; fileEncoding = 4; lastKnownFileType = text.json; path = 59.json; sourceTree = "<group>"; };
		70002F931BF5AC9D0006101E /* 6.json */ = {isa = PBXFileReference; fileEncoding = 4; lastKnownFileType = text.json; path = 6.json; sourceTree = "<group>"; };
		70002F941BF5AC9D0006101E /* 60.json */ = {isa = PBXFileReference; fileEncoding = 4; lastKnownFileType = text.json; path = 60.json; sourceTree = "<group>"; };
		70002F951BF5AC9D0006101E /* 61.json */ = {isa = PBXFileReference; fileEncoding = 4; lastKnownFileType = text.json; path = 61.json; sourceTree = "<group>"; };
		70002F961BF5AC9D0006101E /* 62.json */ = {isa = PBXFileReference; fileEncoding = 4; lastKnownFileType = text.json; path = 62.json; sourceTree = "<group>"; };
		70002F971BF5AC9D0006101E /* 63.json */ = {isa = PBXFileReference; fileEncoding = 4; lastKnownFileType = text.json; path = 63.json; sourceTree = "<group>"; };
		70002F981BF5AC9D0006101E /* 64.json */ = {isa = PBXFileReference; fileEncoding = 4; lastKnownFileType = text.json; path = 64.json; sourceTree = "<group>"; };
		70002F991BF5AC9D0006101E /* 65.json */ = {isa = PBXFileReference; fileEncoding = 4; lastKnownFileType = text.json; path = 65.json; sourceTree = "<group>"; };
		70002F9A1BF5AC9D0006101E /* 66.json */ = {isa = PBXFileReference; fileEncoding = 4; lastKnownFileType = text.json; path = 66.json; sourceTree = "<group>"; };
		70002F9B1BF5AC9D0006101E /* 67.json */ = {isa = PBXFileReference; fileEncoding = 4; lastKnownFileType = text.json; path = 67.json; sourceTree = "<group>"; };
		70002F9C1BF5AC9D0006101E /* 68.json */ = {isa = PBXFileReference; fileEncoding = 4; lastKnownFileType = text.json; path = 68.json; sourceTree = "<group>"; };
		70002F9D1BF5AC9D0006101E /* 69.json */ = {isa = PBXFileReference; fileEncoding = 4; lastKnownFileType = text.json; path = 69.json; sourceTree = "<group>"; };
		70002F9E1BF5AC9D0006101E /* 7.json */ = {isa = PBXFileReference; fileEncoding = 4; lastKnownFileType = text.json; path = 7.json; sourceTree = "<group>"; };
		70002F9F1BF5AC9D0006101E /* 70.json */ = {isa = PBXFileReference; fileEncoding = 4; lastKnownFileType = text.json; path = 70.json; sourceTree = "<group>"; };
		70002FA01BF5AC9D0006101E /* 8.json */ = {isa = PBXFileReference; fileEncoding = 4; lastKnownFileType = text.json; path = 8.json; sourceTree = "<group>"; };
		70002FA11BF5AC9D0006101E /* 9.json */ = {isa = PBXFileReference; fileEncoding = 4; lastKnownFileType = text.json; path = 9.json; sourceTree = "<group>"; };
		70002FA21BF5AC9D0006101E /* dicgen.pl */ = {isa = PBXFileReference; fileEncoding = 4; lastKnownFileType = text.script.perl; path = dicgen.pl; sourceTree = "<group>"; };
		70002FA31BF5AC9D0006101E /* dictionary.txt */ = {isa = PBXFileReference; fileEncoding = 4; lastKnownFileType = text; path = dictionary.txt; sourceTree = "<group>"; };
		70002FA41BF5AC9D0006101E /* wordmap.txt */ = {isa = PBXFileReference; fileEncoding = 4; lastKnownFileType = text; path = wordmap.txt; sourceTree = "<group>"; };
		70114C6B1C060C02003EB634 /* panaki.aiff */ = {isa = PBXFileReference; lastKnownFileType = audio.aiff; path = panaki.aiff; sourceTree = "<group>"; };
		7016A25E1BF5AE8D001BC388 /* SwiftyJSON.framework */ = {isa = PBXFileReference; lastKnownFileType = wrapper.framework; name = SwiftyJSON.framework; path = "Pods/../build/Debug-iphoneos/SwiftyJSON.framework"; sourceTree = "<group>"; };
		7016A2601BF5EC08001BC388 /* SwiftyJSON.framework */ = {isa = PBXFileReference; lastKnownFileType = wrapper.framework; name = SwiftyJSON.framework; path = "Pods/../build/Debug-iphoneos/SwiftyJSON.framework"; sourceTree = "<group>"; };
		704AEB2F1BEB307000721ACD /* Andrea_higa_word.swift */ = {isa = PBXFileReference; fileEncoding = 4; lastKnownFileType = sourcecode.swift; path = Andrea_higa_word.swift; sourceTree = "<group>"; };
		704AEB311BEB308A00721ACD /* Andrea_higa.swift */ = {isa = PBXFileReference; fileEncoding = 4; lastKnownFileType = sourcecode.swift; path = Andrea_higa.swift; sourceTree = "<group>"; };
		704AEB331BEB30A100721ACD /* Andrea_higa_score.swift */ = {isa = PBXFileReference; fileEncoding = 4; lastKnownFileType = sourcecode.swift; path = Andrea_higa_score.swift; sourceTree = "<group>"; };
		707C4D9F1C3E0689007494BE /* Discription.swift */ = {isa = PBXFileReference; fileEncoding = 4; lastKnownFileType = sourcecode.swift; path = Discription.swift; sourceTree = "<group>"; };
		707C4DA21C3E0A1C007494BE /* m1.jpg */ = {isa = PBXFileReference; lastKnownFileType = image.jpeg; path = m1.jpg; sourceTree = "<group>"; };
		707C4DA31C3E0A1C007494BE /* m2.jpg */ = {isa = PBXFileReference; lastKnownFileType = image.jpeg; path = m2.jpg; sourceTree = "<group>"; };
		707C4DA41C3E0A1C007494BE /* m4.jpg */ = {isa = PBXFileReference; lastKnownFileType = image.jpeg; path = m4.jpg; sourceTree = "<group>"; };
		707C4DA51C3E0A1C007494BE /* sendbutton.png */ = {isa = PBXFileReference; lastKnownFileType = image.png; path = sendbutton.png; sourceTree = "<group>"; };
		70EC11D01C6E0135008D066C /* panaki.png */ = {isa = PBXFileReference; lastKnownFileType = image.png; path = panaki.png; sourceTree = "<group>"; };
		70EC11D31C6E023C008D066C /* me.png */ = {isa = PBXFileReference; lastKnownFileType = image.png; path = me.png; sourceTree = "<group>"; };
		90E32F840A7DAF4CA91003A9 /* Pods.framework */ = {isa = PBXFileReference; explicitFileType = wrapper.framework; includeInIndex = 0; path = Pods.framework; sourceTree = BUILT_PRODUCTS_DIR; };
		A849ECFB1C6C14E4005F42A7 /* scoreview.swift */ = {isa = PBXFileReference; fileEncoding = 4; lastKnownFileType = sourcecode.swift; path = scoreview.swift; sourceTree = "<group>"; };
		A889D3371C6C3D69007C60BD /* bg.png */ = {isa = PBXFileReference; lastKnownFileType = image.png; path = bg.png; sourceTree = "<group>"; };
		F5150AE0067F7AD8597138DB /* Pods.release.xcconfig */ = {isa = PBXFileReference; includeInIndex = 1; lastKnownFileType = text.xcconfig; name = Pods.release.xcconfig; path = "Pods/Target Support Files/Pods/Pods.release.xcconfig"; sourceTree = "<group>"; };
		FA1F8E38C5D8C9CE0CB78555 /* Pods.debug.xcconfig */ = {isa = PBXFileReference; includeInIndex = 1; lastKnownFileType = text.xcconfig; name = Pods.debug.xcconfig; path = "Pods/Target Support Files/Pods/Pods.debug.xcconfig"; sourceTree = "<group>"; };
		FE9E06331C04295A007C6AED /* Launch Screen.storyboard */ = {isa = PBXFileReference; fileEncoding = 4; lastKnownFileType = file.storyboard; name = "Launch Screen.storyboard"; path = "../Launch Screen.storyboard"; sourceTree = "<group>"; };
		FE9E06351C0439BF007C6AED /* sprsh.png */ = {isa = PBXFileReference; lastKnownFileType = image.png; name = sprsh.png; path = "../../アイコン/sprsh.png"; sourceTree = "<group>"; };
		FEE1F19F1BEB2F350096F7E4 /* panaki.app */ = {isa = PBXFileReference; explicitFileType = wrapper.application; includeInIndex = 0; path = panaki.app; sourceTree = BUILT_PRODUCTS_DIR; };
		FEE1F1A21BEB2F350096F7E4 /* AppDelegate.swift */ = {isa = PBXFileReference; lastKnownFileType = sourcecode.swift; path = AppDelegate.swift; sourceTree = "<group>"; };
		FEE1F1A41BEB2F350096F7E4 /* ViewController.swift */ = {isa = PBXFileReference; lastKnownFileType = sourcecode.swift; path = ViewController.swift; sourceTree = "<group>"; };
		FEE1F1A91BEB2F350096F7E4 /* Assets.xcassets */ = {isa = PBXFileReference; lastKnownFileType = folder.assetcatalog; path = Assets.xcassets; sourceTree = "<group>"; };
		FEE1F1AE1BEB2F350096F7E4 /* Info.plist */ = {isa = PBXFileReference; lastKnownFileType = text.plist.xml; path = Info.plist; sourceTree = "<group>"; };
		FEE1F1B31BEB2F360096F7E4 /* panakiTests.xctest */ = {isa = PBXFileReference; explicitFileType = wrapper.cfbundle; includeInIndex = 0; path = panakiTests.xctest; sourceTree = BUILT_PRODUCTS_DIR; };
		FEE1F1B71BEB2F360096F7E4 /* panakiTests.swift */ = {isa = PBXFileReference; lastKnownFileType = sourcecode.swift; path = panakiTests.swift; sourceTree = "<group>"; };
		FEE1F1B91BEB2F360096F7E4 /* Info.plist */ = {isa = PBXFileReference; lastKnownFileType = text.plist.xml; path = Info.plist; sourceTree = "<group>"; };
		FEE1F1BE1BEB2F360096F7E4 /* panakiUITests.xctest */ = {isa = PBXFileReference; explicitFileType = wrapper.cfbundle; includeInIndex = 0; path = panakiUITests.xctest; sourceTree = BUILT_PRODUCTS_DIR; };
		FEE1F1C21BEB2F360096F7E4 /* panakiUITests.swift */ = {isa = PBXFileReference; lastKnownFileType = sourcecode.swift; path = panakiUITests.swift; sourceTree = "<group>"; };
		FEE1F1C41BEB2F360096F7E4 /* Info.plist */ = {isa = PBXFileReference; lastKnownFileType = text.plist.xml; path = Info.plist; sourceTree = "<group>"; };
/* End PBXFileReference section */

/* Begin PBXFrameworksBuildPhase section */
		FEE1F19C1BEB2F350096F7E4 /* Frameworks */ = {
			isa = PBXFrameworksBuildPhase;
			buildActionMask = 2147483647;
			files = (
				7016A25F1BF5AE8D001BC388 /* SwiftyJSON.framework in Frameworks */,
				A10A371741D6F7F4BA9988FF /* Pods.framework in Frameworks */,
			);
			runOnlyForDeploymentPostprocessing = 0;
		};
		FEE1F1B01BEB2F360096F7E4 /* Frameworks */ = {
			isa = PBXFrameworksBuildPhase;
			buildActionMask = 2147483647;
			files = (
				7016A2611BF5EC08001BC388 /* SwiftyJSON.framework in Frameworks */,
			);
			runOnlyForDeploymentPostprocessing = 0;
		};
		FEE1F1BB1BEB2F360096F7E4 /* Frameworks */ = {
			isa = PBXFrameworksBuildPhase;
			buildActionMask = 2147483647;
			files = (
			);
			runOnlyForDeploymentPostprocessing = 0;
		};
/* End PBXFrameworksBuildPhase section */

/* Begin PBXGroup section */
		4FEC7E49757AC2E23A762F56 /* Frameworks */ = {
			isa = PBXGroup;
			children = (
				7016A2601BF5EC08001BC388 /* SwiftyJSON.framework */,
				7016A25E1BF5AE8D001BC388 /* SwiftyJSON.framework */,
				90E32F840A7DAF4CA91003A9 /* Pods.framework */,
			);
			name = Frameworks;
			sourceTree = "<group>";
		};
		70002F5B1BF5AC9D0006101E /* dictionary */ = {
			isa = PBXGroup;
			children = (
				70002F5C1BF5AC9D0006101E /* 1.json */,
				70002F5D1BF5AC9D0006101E /* 10.json */,
				70002F5E1BF5AC9D0006101E /* 11.json */,
				70002F5F1BF5AC9D0006101E /* 12.json */,
				70002F601BF5AC9D0006101E /* 13.json */,
				70002F611BF5AC9D0006101E /* 14.json */,
				70002F621BF5AC9D0006101E /* 15.json */,
				70002F631BF5AC9D0006101E /* 16.json */,
				70002F641BF5AC9D0006101E /* 17.json */,
				70002F651BF5AC9D0006101E /* 18.json */,
				70002F661BF5AC9D0006101E /* 19.json */,
				70002F671BF5AC9D0006101E /* 2.json */,
				70002F681BF5AC9D0006101E /* 20.json */,
				70002F691BF5AC9D0006101E /* 21.json */,
				70002F6A1BF5AC9D0006101E /* 22.json */,
				70002F6B1BF5AC9D0006101E /* 23.json */,
				70002F6C1BF5AC9D0006101E /* 24.json */,
				70002F6D1BF5AC9D0006101E /* 25.json */,
				70002F6E1BF5AC9D0006101E /* 26.json */,
				70002F6F1BF5AC9D0006101E /* 27.json */,
				70002F701BF5AC9D0006101E /* 28.json */,
				70002F711BF5AC9D0006101E /* 29.json */,
				70002F721BF5AC9D0006101E /* 3.json */,
				70002F731BF5AC9D0006101E /* 30.json */,
				70002F741BF5AC9D0006101E /* 31.json */,
				70002F751BF5AC9D0006101E /* 32.json */,
				70002F761BF5AC9D0006101E /* 33.json */,
				70002F771BF5AC9D0006101E /* 34.json */,
				70002F781BF5AC9D0006101E /* 35.json */,
				70002F791BF5AC9D0006101E /* 36.json */,
				70002F7A1BF5AC9D0006101E /* 37.json */,
				70002F7B1BF5AC9D0006101E /* 38.json */,
				70002F7C1BF5AC9D0006101E /* 39.json */,
				70002F7D1BF5AC9D0006101E /* 4.json */,
				70002F7E1BF5AC9D0006101E /* 40.json */,
				70002F7F1BF5AC9D0006101E /* 41.json */,
				70002F801BF5AC9D0006101E /* 42.json */,
				70002F811BF5AC9D0006101E /* 43.json */,
				70002F821BF5AC9D0006101E /* 44.json */,
				70002F831BF5AC9D0006101E /* 45.json */,
				70002F841BF5AC9D0006101E /* 46.json */,
				70002F851BF5AC9D0006101E /* 47.json */,
				70002F861BF5AC9D0006101E /* 48.json */,
				70002F871BF5AC9D0006101E /* 49.json */,
				70002F881BF5AC9D0006101E /* 5.json */,
				70002F891BF5AC9D0006101E /* 50.json */,
				70002F8A1BF5AC9D0006101E /* 51.json */,
				70002F8B1BF5AC9D0006101E /* 52.json */,
				70002F8C1BF5AC9D0006101E /* 53.json */,
				70002F8D1BF5AC9D0006101E /* 54.json */,
				70002F8E1BF5AC9D0006101E /* 55.json */,
				70002F8F1BF5AC9D0006101E /* 56.json */,
				70002F901BF5AC9D0006101E /* 57.json */,
				70002F911BF5AC9D0006101E /* 58.json */,
				70002F921BF5AC9D0006101E /* 59.json */,
				70002F931BF5AC9D0006101E /* 6.json */,
				70002F941BF5AC9D0006101E /* 60.json */,
				70002F951BF5AC9D0006101E /* 61.json */,
				70002F961BF5AC9D0006101E /* 62.json */,
				70002F971BF5AC9D0006101E /* 63.json */,
				70002F981BF5AC9D0006101E /* 64.json */,
				70002F991BF5AC9D0006101E /* 65.json */,
				70002F9A1BF5AC9D0006101E /* 66.json */,
				70002F9B1BF5AC9D0006101E /* 67.json */,
				70002F9C1BF5AC9D0006101E /* 68.json */,
				70002F9D1BF5AC9D0006101E /* 69.json */,
				70002F9E1BF5AC9D0006101E /* 7.json */,
				70002F9F1BF5AC9D0006101E /* 70.json */,
				70002FA01BF5AC9D0006101E /* 8.json */,
				70002FA11BF5AC9D0006101E /* 9.json */,
				70002FA21BF5AC9D0006101E /* dicgen.pl */,
				70002FA31BF5AC9D0006101E /* dictionary.txt */,
				70002FA41BF5AC9D0006101E /* wordmap.txt */,
			);
			path = dictionary;
			sourceTree = SOURCE_ROOT;
		};
		707C4DA11C3E0A1C007494BE /* images */ = {
			isa = PBXGroup;
			children = (
				A889D3371C6C3D69007C60BD /* bg.png */,
				707C4DA21C3E0A1C007494BE /* m1.jpg */,
				707C4DA31C3E0A1C007494BE /* m2.jpg */,
				707C4DA41C3E0A1C007494BE /* m4.jpg */,
				707C4DA51C3E0A1C007494BE /* sendbutton.png */,
				70EC11D31C6E023C008D066C /* me.png */,
				70EC11D01C6E0135008D066C /* panaki.png */,
			);
			path = images;
			sourceTree = "<group>";
		};
		EF420E6E8595BB3D53E38547 /* Pods */ = {
			isa = PBXGroup;
			children = (
				FA1F8E38C5D8C9CE0CB78555 /* Pods.debug.xcconfig */,
				F5150AE0067F7AD8597138DB /* Pods.release.xcconfig */,
			);
			name = Pods;
			sourceTree = "<group>";
		};
		FEE1F1961BEB2F350096F7E4 = {
			isa = PBXGroup;
			children = (
				FEE1F1A11BEB2F350096F7E4 /* panaki */,
				FEE1F1B61BEB2F360096F7E4 /* panakiTests */,
				FEE1F1C11BEB2F360096F7E4 /* panakiUITests */,
				FEE1F1A01BEB2F350096F7E4 /* Products */,
				EF420E6E8595BB3D53E38547 /* Pods */,
				4FEC7E49757AC2E23A762F56 /* Frameworks */,
			);
			sourceTree = "<group>";
		};
		FEE1F1A01BEB2F350096F7E4 /* Products */ = {
			isa = PBXGroup;
			children = (
				FEE1F19F1BEB2F350096F7E4 /* panaki.app */,
				FEE1F1B31BEB2F360096F7E4 /* panakiTests.xctest */,
				FEE1F1BE1BEB2F360096F7E4 /* panakiUITests.xctest */,
			);
			name = Products;
			sourceTree = "<group>";
		};
		FEE1F1A11BEB2F350096F7E4 /* panaki */ = {
			isa = PBXGroup;
			children = (
				FE9E06351C0439BF007C6AED /* sprsh.png */,
				70114C6B1C060C02003EB634 /* panaki.aiff */,
				FE9E06331C04295A007C6AED /* Launch Screen.storyboard */,
				FEE1F1A21BEB2F350096F7E4 /* AppDelegate.swift */,
				FEE1F1A41BEB2F350096F7E4 /* ViewController.swift */,
				704AEB2F1BEB307000721ACD /* Andrea_higa_word.swift */,
				704AEB311BEB308A00721ACD /* Andrea_higa.swift */,
				704AEB331BEB30A100721ACD /* Andrea_higa_score.swift */,
				707C4D9F1C3E0689007494BE /* Discription.swift */,
				A849ECFB1C6C14E4005F42A7 /* scoreview.swift */,
				707C4DA11C3E0A1C007494BE /* images */,
				FEE1F1A91BEB2F350096F7E4 /* Assets.xcassets */,
				FEE1F1AE1BEB2F350096F7E4 /* Info.plist */,
				70002F5B1BF5AC9D0006101E /* dictionary */,
			);
			path = panaki;
			sourceTree = "<group>";
		};
		FEE1F1B61BEB2F360096F7E4 /* panakiTests */ = {
			isa = PBXGroup;
			children = (
				FEE1F1B71BEB2F360096F7E4 /* panakiTests.swift */,
				FEE1F1B91BEB2F360096F7E4 /* Info.plist */,
			);
			path = panakiTests;
			sourceTree = "<group>";
		};
		FEE1F1C11BEB2F360096F7E4 /* panakiUITests */ = {
			isa = PBXGroup;
			children = (
				FEE1F1C21BEB2F360096F7E4 /* panakiUITests.swift */,
				FEE1F1C41BEB2F360096F7E4 /* Info.plist */,
			);
			path = panakiUITests;
			sourceTree = "<group>";
		};
/* End PBXGroup section */

/* Begin PBXNativeTarget section */
		FEE1F19E1BEB2F350096F7E4 /* panaki */ = {
			isa = PBXNativeTarget;
			buildConfigurationList = FEE1F1C71BEB2F360096F7E4 /* Build configuration list for PBXNativeTarget "panaki" */;
			buildPhases = (
				FED1861394E3CF023E8CF1A2 /* Check Pods Manifest.lock */,
				FEE1F19B1BEB2F350096F7E4 /* Sources */,
				FEE1F19C1BEB2F350096F7E4 /* Frameworks */,
				FEE1F19D1BEB2F350096F7E4 /* Resources */,
				432E631FDD687CD9D6C6D9E7 /* Embed Pods Frameworks */,
				55091E742CBA2657D3849D27 /* Copy Pods Resources */,
			);
			buildRules = (
			);
			dependencies = (
			);
			name = panaki;
			productName = panaki;
			productReference = FEE1F19F1BEB2F350096F7E4 /* panaki.app */;
			productType = "com.apple.product-type.application";
		};
		FEE1F1B21BEB2F360096F7E4 /* panakiTests */ = {
			isa = PBXNativeTarget;
			buildConfigurationList = FEE1F1CA1BEB2F360096F7E4 /* Build configuration list for PBXNativeTarget "panakiTests" */;
			buildPhases = (
				FEE1F1AF1BEB2F360096F7E4 /* Sources */,
				FEE1F1B01BEB2F360096F7E4 /* Frameworks */,
				FEE1F1B11BEB2F360096F7E4 /* Resources */,
			);
			buildRules = (
			);
			dependencies = (
				FEE1F1B51BEB2F360096F7E4 /* PBXTargetDependency */,
			);
			name = panakiTests;
			productName = panakiTests;
			productReference = FEE1F1B31BEB2F360096F7E4 /* panakiTests.xctest */;
			productType = "com.apple.product-type.bundle.unit-test";
		};
		FEE1F1BD1BEB2F360096F7E4 /* panakiUITests */ = {
			isa = PBXNativeTarget;
			buildConfigurationList = FEE1F1CD1BEB2F360096F7E4 /* Build configuration list for PBXNativeTarget "panakiUITests" */;
			buildPhases = (
				FEE1F1BA1BEB2F360096F7E4 /* Sources */,
				FEE1F1BB1BEB2F360096F7E4 /* Frameworks */,
				FEE1F1BC1BEB2F360096F7E4 /* Resources */,
			);
			buildRules = (
			);
			dependencies = (
				FEE1F1C01BEB2F360096F7E4 /* PBXTargetDependency */,
			);
			name = panakiUITests;
			productName = panakiUITests;
			productReference = FEE1F1BE1BEB2F360096F7E4 /* panakiUITests.xctest */;
			productType = "com.apple.product-type.bundle.ui-testing";
		};
/* End PBXNativeTarget section */

/* Begin PBXProject section */
		FEE1F1971BEB2F350096F7E4 /* Project object */ = {
			isa = PBXProject;
			attributes = {
				LastSwiftUpdateCheck = 0710;
				LastUpgradeCheck = 0710;
				ORGANIZATIONNAME = Kazuma;
				TargetAttributes = {
					FEE1F19E1BEB2F350096F7E4 = {
						CreatedOnToolsVersion = 7.1;
						DevelopmentTeam = 7KPS2AYDYF;
					};
					FEE1F1B21BEB2F360096F7E4 = {
						CreatedOnToolsVersion = 7.1;
						DevelopmentTeam = 4RW234Q67J;
						TestTargetID = FEE1F19E1BEB2F350096F7E4;
					};
					FEE1F1BD1BEB2F360096F7E4 = {
						CreatedOnToolsVersion = 7.1;
						DevelopmentTeam = 4RW234Q67J;
						TestTargetID = FEE1F19E1BEB2F350096F7E4;
					};
				};
			};
			buildConfigurationList = FEE1F19A1BEB2F350096F7E4 /* Build configuration list for PBXProject "panaki" */;
			compatibilityVersion = "Xcode 3.2";
			developmentRegion = English;
			hasScannedForEncodings = 0;
			knownRegions = (
				en,
				Base,
			);
			mainGroup = FEE1F1961BEB2F350096F7E4;
			productRefGroup = FEE1F1A01BEB2F350096F7E4 /* Products */;
			projectDirPath = "";
			projectRoot = "";
			targets = (
				FEE1F19E1BEB2F350096F7E4 /* panaki */,
				FEE1F1B21BEB2F360096F7E4 /* panakiTests */,
				FEE1F1BD1BEB2F360096F7E4 /* panakiUITests */,
			);
		};
/* End PBXProject section */

/* Begin PBXResourcesBuildPhase section */
		FEE1F19D1BEB2F350096F7E4 /* Resources */ = {
			isa = PBXResourcesBuildPhase;
			buildActionMask = 2147483647;
			files = (
				70002FCC1BF5AC9D0006101E /* 45.json in Resources */,
				70002FCA1BF5AC9D0006101E /* 43.json in Resources */,
				70002FAA1BF5AC9D0006101E /* 14.json in Resources */,
				70002FC31BF5AC9D0006101E /* 37.json in Resources */,
				70002FB11BF5AC9D0006101E /* 20.json in Resources */,
				70002FBF1BF5AC9D0006101E /* 33.json in Resources */,
				A889D3381C6C3D69007C60BD /* bg.png in Resources */,
				FEE1F1AA1BEB2F350096F7E4 /* Assets.xcassets in Resources */,
				70002FB41BF5AC9D0006101E /* 23.json in Resources */,
				70002FE31BF5AC9D0006101E /* 66.json in Resources */,
				70002FD31BF5AC9D0006101E /* 51.json in Resources */,
				70002FB51BF5AC9D0006101E /* 24.json in Resources */,
				70002FD91BF5AC9D0006101E /* 57.json in Resources */,
				70002FEB1BF5AC9D0006101E /* dicgen.pl in Resources */,
				70002FCB1BF5AC9D0006101E /* 44.json in Resources */,
				70002FAF1BF5AC9D0006101E /* 19.json in Resources */,
				70002FC71BF5AC9D0006101E /* 40.json in Resources */,
				70002FDC1BF5AC9D0006101E /* 6.json in Resources */,
				70002FEC1BF5AC9D0006101E /* dictionary.txt in Resources */,
				70002FBD1BF5AC9D0006101E /* 31.json in Resources */,
				70002FDF1BF5AC9D0006101E /* 62.json in Resources */,
				70002FAD1BF5AC9D0006101E /* 17.json in Resources */,
				70002FD01BF5AC9D0006101E /* 49.json in Resources */,
				70002FB01BF5AC9D0006101E /* 2.json in Resources */,
				70002FBC1BF5AC9D0006101E /* 30.json in Resources */,
				70002FC21BF5AC9D0006101E /* 36.json in Resources */,
				70002FDA1BF5AC9D0006101E /* 58.json in Resources */,
				70EC11D41C6E023C008D066C /* me.png in Resources */,
				70002FED1BF5AC9D0006101E /* wordmap.txt in Resources */,
				70002FDE1BF5AC9D0006101E /* 61.json in Resources */,
				70114C6C1C060C02003EB634 /* panaki.aiff in Resources */,
				70002FE11BF5AC9D0006101E /* 64.json in Resources */,
				70002FB91BF5AC9D0006101E /* 28.json in Resources */,
				70002FD41BF5AC9D0006101E /* 52.json in Resources */,
				70002FE01BF5AC9D0006101E /* 63.json in Resources */,
				70002FAC1BF5AC9D0006101E /* 16.json in Resources */,
				70002FB21BF5AC9D0006101E /* 21.json in Resources */,
				70002FB31BF5AC9D0006101E /* 22.json in Resources */,
				70002FE61BF5AC9D0006101E /* 69.json in Resources */,
				70002FBB1BF5AC9D0006101E /* 3.json in Resources */,
				70002FB61BF5AC9D0006101E /* 25.json in Resources */,
				707C4DA61C3E0A1C007494BE /* m1.jpg in Resources */,
				70002FD61BF5AC9D0006101E /* 54.json in Resources */,
				70002FE41BF5AC9D0006101E /* 67.json in Resources */,
				70002FD51BF5AC9D0006101E /* 53.json in Resources */,
				70002FEA1BF5AC9D0006101E /* 9.json in Resources */,
				70002FC91BF5AC9D0006101E /* 42.json in Resources */,
				70002FBE1BF5AC9D0006101E /* 32.json in Resources */,
				FE9E06361C0439BF007C6AED /* sprsh.png in Resources */,
				70002FB71BF5AC9D0006101E /* 26.json in Resources */,
				70002FA61BF5AC9D0006101E /* 10.json in Resources */,
				70002FA91BF5AC9D0006101E /* 13.json in Resources */,
				70002FA81BF5AC9D0006101E /* 12.json in Resources */,
				70002FC11BF5AC9D0006101E /* 35.json in Resources */,
				70002FC01BF5AC9D0006101E /* 34.json in Resources */,
				70002FC51BF5AC9D0006101E /* 39.json in Resources */,
				70002FCD1BF5AC9D0006101E /* 46.json in Resources */,
				70002FD11BF5AC9D0006101E /* 5.json in Resources */,
				70002FA71BF5AC9D0006101E /* 11.json in Resources */,
				70002FC41BF5AC9D0006101E /* 38.json in Resources */,
				70002FCE1BF5AC9D0006101E /* 47.json in Resources */,
				707C4DA91C3E0A1C007494BE /* sendbutton.png in Resources */,
				70002FC61BF5AC9D0006101E /* 4.json in Resources */,
				70002FE81BF5AC9D0006101E /* 70.json in Resources */,
				70002FAB1BF5AC9D0006101E /* 15.json in Resources */,
				70002FE71BF5AC9D0006101E /* 7.json in Resources */,
				70002FDB1BF5AC9D0006101E /* 59.json in Resources */,
				70002FD71BF5AC9D0006101E /* 55.json in Resources */,
				70002FCF1BF5AC9D0006101E /* 48.json in Resources */,
				707C4DA71C3E0A1C007494BE /* m2.jpg in Resources */,
				FE9E06341C04295A007C6AED /* Launch Screen.storyboard in Resources */,
				70002FBA1BF5AC9D0006101E /* 29.json in Resources */,
				70002FE91BF5AC9D0006101E /* 8.json in Resources */,
				70EC11D21C6E0135008D066C /* panaki.png in Resources */,
				707C4DA81C3E0A1C007494BE /* m4.jpg in Resources */,
				70002FE21BF5AC9D0006101E /* 65.json in Resources */,
				70002FAE1BF5AC9D0006101E /* 18.json in Resources */,
				70002FC81BF5AC9D0006101E /* 41.json in Resources */,
				70002FD21BF5AC9D0006101E /* 50.json in Resources */,
				70002FA51BF5AC9D0006101E /* 1.json in Resources */,
				70002FDD1BF5AC9D0006101E /* 60.json in Resources */,
				70002FE51BF5AC9D0006101E /* 68.json in Resources */,
				70002FB81BF5AC9D0006101E /* 27.json in Resources */,
				70002FD81BF5AC9D0006101E /* 56.json in Resources */,
			);
			runOnlyForDeploymentPostprocessing = 0;
		};
		FEE1F1B11BEB2F360096F7E4 /* Resources */ = {
			isa = PBXResourcesBuildPhase;
			buildActionMask = 2147483647;
			files = (
			);
			runOnlyForDeploymentPostprocessing = 0;
		};
		FEE1F1BC1BEB2F360096F7E4 /* Resources */ = {
			isa = PBXResourcesBuildPhase;
			buildActionMask = 2147483647;
			files = (
			);
			runOnlyForDeploymentPostprocessing = 0;
		};
/* End PBXResourcesBuildPhase section */

/* Begin PBXShellScriptBuildPhase section */
		432E631FDD687CD9D6C6D9E7 /* Embed Pods Frameworks */ = {
			isa = PBXShellScriptBuildPhase;
			buildActionMask = 2147483647;
			files = (
			);
			inputPaths = (
			);
			name = "Embed Pods Frameworks";
			outputPaths = (
			);
			runOnlyForDeploymentPostprocessing = 0;
			shellPath = /bin/sh;
			shellScript = "\"${SRCROOT}/Pods/Target Support Files/Pods/Pods-frameworks.sh\"\n";
			showEnvVarsInLog = 0;
		};
		55091E742CBA2657D3849D27 /* Copy Pods Resources */ = {
			isa = PBXShellScriptBuildPhase;
			buildActionMask = 2147483647;
			files = (
			);
			inputPaths = (
			);
			name = "Copy Pods Resources";
			outputPaths = (
			);
			runOnlyForDeploymentPostprocessing = 0;
			shellPath = /bin/sh;
			shellScript = "\"${SRCROOT}/Pods/Target Support Files/Pods/Pods-resources.sh\"\n";
			showEnvVarsInLog = 0;
		};
		FED1861394E3CF023E8CF1A2 /* Check Pods Manifest.lock */ = {
			isa = PBXShellScriptBuildPhase;
			buildActionMask = 2147483647;
			files = (
			);
			inputPaths = (
			);
			name = "Check Pods Manifest.lock";
			outputPaths = (
			);
			runOnlyForDeploymentPostprocessing = 0;
			shellPath = /bin/sh;
			shellScript = "diff \"${PODS_ROOT}/../Podfile.lock\" \"${PODS_ROOT}/Manifest.lock\" > /dev/null\nif [[ $? != 0 ]] ; then\n    cat << EOM\nerror: The sandbox is not in sync with the Podfile.lock. Run 'pod install' or update your CocoaPods installation.\nEOM\n    exit 1\nfi\n";
			showEnvVarsInLog = 0;
		};
/* End PBXShellScriptBuildPhase section */

/* Begin PBXSourcesBuildPhase section */
		FEE1F19B1BEB2F350096F7E4 /* Sources */ = {
			isa = PBXSourcesBuildPhase;
			buildActionMask = 2147483647;
			files = (
				704AEB321BEB308A00721ACD /* Andrea_higa.swift in Sources */,
				FEE1F1A51BEB2F350096F7E4 /* ViewController.swift in Sources */,
				704AEB341BEB30A100721ACD /* Andrea_higa_score.swift in Sources */,
				704AEB301BEB307000721ACD /* Andrea_higa_word.swift in Sources */,
				707C4DA01C3E0689007494BE /* Discription.swift in Sources */,
				FEE1F1A31BEB2F350096F7E4 /* AppDelegate.swift in Sources */,
				A849ECFC1C6C14E4005F42A7 /* scoreview.swift in Sources */,
			);
			runOnlyForDeploymentPostprocessing = 0;
		};
		FEE1F1AF1BEB2F360096F7E4 /* Sources */ = {
			isa = PBXSourcesBuildPhase;
			buildActionMask = 2147483647;
			files = (
				7016A2631BF5F3F7001BC388 /* ViewController.swift in Sources */,
				7016A2621BF5F3F4001BC388 /* AppDelegate.swift in Sources */,
				7016A2661BF5F3FE001BC388 /* Andrea_higa_score.swift in Sources */,
				FEE1F1B81BEB2F360096F7E4 /* panakiTests.swift in Sources */,
				7016A2641BF5F3F9001BC388 /* Andrea_higa_word.swift in Sources */,
				7016A2651BF5F3FC001BC388 /* Andrea_higa.swift in Sources */,
			);
			runOnlyForDeploymentPostprocessing = 0;
		};
		FEE1F1BA1BEB2F360096F7E4 /* Sources */ = {
			isa = PBXSourcesBuildPhase;
			buildActionMask = 2147483647;
			files = (
				FEE1F1C31BEB2F360096F7E4 /* panakiUITests.swift in Sources */,
			);
			runOnlyForDeploymentPostprocessing = 0;
		};
/* End PBXSourcesBuildPhase section */

/* Begin PBXTargetDependency section */
		FEE1F1B51BEB2F360096F7E4 /* PBXTargetDependency */ = {
			isa = PBXTargetDependency;
			target = FEE1F19E1BEB2F350096F7E4 /* panaki */;
			targetProxy = FEE1F1B41BEB2F360096F7E4 /* PBXContainerItemProxy */;
		};
		FEE1F1C01BEB2F360096F7E4 /* PBXTargetDependency */ = {
			isa = PBXTargetDependency;
			target = FEE1F19E1BEB2F350096F7E4 /* panaki */;
			targetProxy = FEE1F1BF1BEB2F360096F7E4 /* PBXContainerItemProxy */;
		};
/* End PBXTargetDependency section */

/* Begin XCBuildConfiguration section */
		FEE1F1C51BEB2F360096F7E4 /* Debug */ = {
			isa = XCBuildConfiguration;
			buildSettings = {
				ALWAYS_SEARCH_USER_PATHS = NO;
				CLANG_CXX_LANGUAGE_STANDARD = "gnu++0x";
				CLANG_CXX_LIBRARY = "libc++";
				CLANG_ENABLE_MODULES = YES;
				CLANG_ENABLE_OBJC_ARC = YES;
				CLANG_WARN_BOOL_CONVERSION = YES;
				CLANG_WARN_CONSTANT_CONVERSION = YES;
				CLANG_WARN_DIRECT_OBJC_ISA_USAGE = YES_ERROR;
				CLANG_WARN_EMPTY_BODY = YES;
				CLANG_WARN_ENUM_CONVERSION = YES;
				CLANG_WARN_INT_CONVERSION = YES;
				CLANG_WARN_OBJC_ROOT_CLASS = YES_ERROR;
				CLANG_WARN_UNREACHABLE_CODE = YES;
				CLANG_WARN__DUPLICATE_METHOD_MATCH = YES;
				"CODE_SIGN_IDENTITY[sdk=iphoneos*]" = "iPhone Developer";
				COPY_PHASE_STRIP = NO;
				DEBUG_INFORMATION_FORMAT = dwarf;
				ENABLE_STRICT_OBJC_MSGSEND = YES;
				ENABLE_TESTABILITY = YES;
				GCC_C_LANGUAGE_STANDARD = gnu99;
				GCC_DYNAMIC_NO_PIC = NO;
				GCC_NO_COMMON_BLOCKS = YES;
				GCC_OPTIMIZATION_LEVEL = 0;
				GCC_PREPROCESSOR_DEFINITIONS = (
					"DEBUG=1",
					"$(inherited)",
				);
				GCC_WARN_64_TO_32_BIT_CONVERSION = YES;
				GCC_WARN_ABOUT_RETURN_TYPE = YES_ERROR;
				GCC_WARN_UNDECLARED_SELECTOR = YES;
				GCC_WARN_UNINITIALIZED_AUTOS = YES_AGGRESSIVE;
				GCC_WARN_UNUSED_FUNCTION = YES;
				GCC_WARN_UNUSED_VARIABLE = YES;
				IPHONEOS_DEPLOYMENT_TARGET = 9.1;
				MTL_ENABLE_DEBUG_INFO = YES;
				ONLY_ACTIVE_ARCH = YES;
				SDKROOT = iphoneos;
				SWIFT_OPTIMIZATION_LEVEL = "-Onone";
				TARGETED_DEVICE_FAMILY = "1,2";
			};
			name = Debug;
		};
		FEE1F1C61BEB2F360096F7E4 /* Release */ = {
			isa = XCBuildConfiguration;
			buildSettings = {
				ALWAYS_SEARCH_USER_PATHS = NO;
				CLANG_CXX_LANGUAGE_STANDARD = "gnu++0x";
				CLANG_CXX_LIBRARY = "libc++";
				CLANG_ENABLE_MODULES = YES;
				CLANG_ENABLE_OBJC_ARC = YES;
				CLANG_WARN_BOOL_CONVERSION = YES;
				CLANG_WARN_CONSTANT_CONVERSION = YES;
				CLANG_WARN_DIRECT_OBJC_ISA_USAGE = YES_ERROR;
				CLANG_WARN_EMPTY_BODY = YES;
				CLANG_WARN_ENUM_CONVERSION = YES;
				CLANG_WARN_INT_CONVERSION = YES;
				CLANG_WARN_OBJC_ROOT_CLASS = YES_ERROR;
				CLANG_WARN_UNREACHABLE_CODE = YES;
				CLANG_WARN__DUPLICATE_METHOD_MATCH = YES;
				"CODE_SIGN_IDENTITY[sdk=iphoneos*]" = "iPhone Developer";
				COPY_PHASE_STRIP = NO;
				DEBUG_INFORMATION_FORMAT = "dwarf-with-dsym";
				ENABLE_NS_ASSERTIONS = NO;
				ENABLE_STRICT_OBJC_MSGSEND = YES;
				GCC_C_LANGUAGE_STANDARD = gnu99;
				GCC_NO_COMMON_BLOCKS = YES;
				GCC_WARN_64_TO_32_BIT_CONVERSION = YES;
				GCC_WARN_ABOUT_RETURN_TYPE = YES_ERROR;
				GCC_WARN_UNDECLARED_SELECTOR = YES;
				GCC_WARN_UNINITIALIZED_AUTOS = YES_AGGRESSIVE;
				GCC_WARN_UNUSED_FUNCTION = YES;
				GCC_WARN_UNUSED_VARIABLE = YES;
				IPHONEOS_DEPLOYMENT_TARGET = 9.1;
				MTL_ENABLE_DEBUG_INFO = NO;
				SDKROOT = iphoneos;
				TARGETED_DEVICE_FAMILY = "1,2";
				VALIDATE_PRODUCT = YES;
			};
			name = Release;
		};
		FEE1F1C81BEB2F360096F7E4 /* Debug */ = {
			isa = XCBuildConfiguration;
			baseConfigurationReference = FA1F8E38C5D8C9CE0CB78555 /* Pods.debug.xcconfig */;
			buildSettings = {
				ASSETCATALOG_COMPILER_APPICON_NAME = AppIcon;
				CODE_SIGN_IDENTITY = "iPhone Developer";
				FRAMEWORK_SEARCH_PATHS = (
					"$(inherited)",
					"$(PROJECT_DIR)/build/Debug-iphoneos",
				);
				INFOPLIST_FILE = panaki/Info.plist;
				IPHONEOS_DEPLOYMENT_TARGET = 8.4;
				LD_RUNPATH_SEARCH_PATHS = "$(inherited) @executable_path/Frameworks";
				PRODUCT_BUNDLE_IDENTIFIER = IRASER.panaki;
				PRODUCT_NAME = "$(TARGET_NAME)";
			};
			name = Debug;
		};
		FEE1F1C91BEB2F360096F7E4 /* Release */ = {
			isa = XCBuildConfiguration;
			baseConfigurationReference = F5150AE0067F7AD8597138DB /* Pods.release.xcconfig */;
			buildSettings = {
				ASSETCATALOG_COMPILER_APPICON_NAME = AppIcon;
				CODE_SIGN_IDENTITY = "iPhone Developer";
				FRAMEWORK_SEARCH_PATHS = (
					"$(inherited)",
					"$(PROJECT_DIR)/build/Debug-iphoneos",
				);
				INFOPLIST_FILE = panaki/Info.plist;
				IPHONEOS_DEPLOYMENT_TARGET = 8.4;
				LD_RUNPATH_SEARCH_PATHS = "$(inherited) @executable_path/Frameworks";
				PRODUCT_BUNDLE_IDENTIFIER = IRASER.panaki;
				PRODUCT_NAME = "$(TARGET_NAME)";
			};
			name = Release;
		};
		FEE1F1CB1BEB2F360096F7E4 /* Debug */ = {
			isa = XCBuildConfiguration;
			buildSettings = {
				BUNDLE_LOADER = "$(TEST_HOST)";
				FRAMEWORK_SEARCH_PATHS = (
					"$(inherited)",
					"$(PROJECT_DIR)/build/Debug-iphoneos",
				);
				INFOPLIST_FILE = panakiTests/Info.plist;
				LD_RUNPATH_SEARCH_PATHS = "$(inherited) @executable_path/Frameworks @loader_path/Frameworks";
				PRODUCT_BUNDLE_IDENTIFIER = kazumalab.panakiTests;
				PRODUCT_NAME = "$(TARGET_NAME)";
				TEST_HOST = "$(BUILT_PRODUCTS_DIR)/panaki.app/panaki";
			};
			name = Debug;
		};
		FEE1F1CC1BEB2F360096F7E4 /* Release */ = {
			isa = XCBuildConfiguration;
			buildSettings = {
				BUNDLE_LOADER = "$(TEST_HOST)";
				FRAMEWORK_SEARCH_PATHS = (
					"$(inherited)",
					"$(PROJECT_DIR)/build/Debug-iphoneos",
				);
				INFOPLIST_FILE = panakiTests/Info.plist;
				LD_RUNPATH_SEARCH_PATHS = "$(inherited) @executable_path/Frameworks @loader_path/Frameworks";
				PRODUCT_BUNDLE_IDENTIFIER = kazumalab.panakiTests;
				PRODUCT_NAME = "$(TARGET_NAME)";
				TEST_HOST = "$(BUILT_PRODUCTS_DIR)/panaki.app/panaki";
			};
			name = Release;
		};
		FEE1F1CE1BEB2F360096F7E4 /* Debug */ = {
			isa = XCBuildConfiguration;
			buildSettings = {
				INFOPLIST_FILE = panakiUITests/Info.plist;
				LD_RUNPATH_SEARCH_PATHS = "$(inherited) @executable_path/Frameworks @loader_path/Frameworks";
				PRODUCT_BUNDLE_IDENTIFIER = kazumalab.panakiUITests;
				PRODUCT_NAME = "$(TARGET_NAME)";
				TEST_TARGET_NAME = panaki;
				USES_XCTRUNNER = YES;
			};
			name = Debug;
		};
		FEE1F1CF1BEB2F360096F7E4 /* Release */ = {
			isa = XCBuildConfiguration;
			buildSettings = {
				INFOPLIST_FILE = panakiUITests/Info.plist;
				LD_RUNPATH_SEARCH_PATHS = "$(inherited) @executable_path/Frameworks @loader_path/Frameworks";
				PRODUCT_BUNDLE_IDENTIFIER = kazumalab.panakiUITests;
				PRODUCT_NAME = "$(TARGET_NAME)";
				TEST_TARGET_NAME = panaki;
				USES_XCTRUNNER = YES;
			};
			name = Release;
		};
/* End XCBuildConfiguration section */

/* Begin XCConfigurationList section */
		FEE1F19A1BEB2F350096F7E4 /* Build configuration list for PBXProject "panaki" */ = {
			isa = XCConfigurationList;
			buildConfigurations = (
				FEE1F1C51BEB2F360096F7E4 /* Debug */,
				FEE1F1C61BEB2F360096F7E4 /* Release */,
			);
			defaultConfigurationIsVisible = 0;
			defaultConfigurationName = Release;
		};
		FEE1F1C71BEB2F360096F7E4 /* Build configuration list for PBXNativeTarget "panaki" */ = {
			isa = XCConfigurationList;
			buildConfigurations = (
				FEE1F1C81BEB2F360096F7E4 /* Debug */,
				FEE1F1C91BEB2F360096F7E4 /* Release */,
			);
			defaultConfigurationIsVisible = 0;
			defaultConfigurationName = Release;
		};
		FEE1F1CA1BEB2F360096F7E4 /* Build configuration list for PBXNativeTarget "panakiTests" */ = {
			isa = XCConfigurationList;
			buildConfigurations = (
				FEE1F1CB1BEB2F360096F7E4 /* Debug */,
				FEE1F1CC1BEB2F360096F7E4 /* Release */,
			);
			defaultConfigurationIsVisible = 0;
			defaultConfigurationName = Release;
		};
		FEE1F1CD1BEB2F360096F7E4 /* Build configuration list for PBXNativeTarget "panakiUITests" */ = {
			isa = XCConfigurationList;
			buildConfigurations = (
				FEE1F1CE1BEB2F360096F7E4 /* Debug */,
				FEE1F1CF1BEB2F360096F7E4 /* Release */,
			);
			defaultConfigurationIsVisible = 0;
			defaultConfigurationName = Release;
		};
/* End XCConfigurationList section */
	};
	rootObject = FEE1F1971BEB2F350096F7E4 /* Project object */;
}
