// !$*UTF8*$!
{
	archiveVersion = 1;
	classes = {
	};
	objectVersion = 46;
	objects = {

/* Begin PBXBuildFile section */
		FEE1F1651BEB2DCD0096F7E4 /* AppDelegate.swift in Sources */ = {isa = PBXBuildFile; fileRef = FEE1F1641BEB2DCD0096F7E4 /* AppDelegate.swift */; };
		FEE1F1671BEB2DCD0096F7E4 /* RootViewController.swift in Sources */ = {isa = PBXBuildFile; fileRef = FEE1F1661BEB2DCD0096F7E4 /* RootViewController.swift */; };
		FEE1F1691BEB2DCD0096F7E4 /* DataViewController.swift in Sources */ = {isa = PBXBuildFile; fileRef = FEE1F1681BEB2DCD0096F7E4 /* DataViewController.swift */; };
		FEE1F16B1BEB2DCD0096F7E4 /* ModelController.swift in Sources */ = {isa = PBXBuildFile; fileRef = FEE1F16A1BEB2DCD0096F7E4 /* ModelController.swift */; };
		FEE1F16E1BEB2DCD0096F7E4 /* Main.storyboard in Resources */ = {isa = PBXBuildFile; fileRef = FEE1F16C1BEB2DCD0096F7E4 /* Main.storyboard */; };
		FEE1F1701BEB2DCD0096F7E4 /* Assets.xcassets in Resources */ = {isa = PBXBuildFile; fileRef = FEE1F16F1BEB2DCD0096F7E4 /* Assets.xcassets */; };
		FEE1F1731BEB2DCD0096F7E4 /* LaunchScreen.storyboard in Resources */ = {isa = PBXBuildFile; fileRef = FEE1F1711BEB2DCD0096F7E4 /* LaunchScreen.storyboard */; };
		FEE1F17E1BEB2DCD0096F7E4 /* panakiTests.swift in Sources */ = {isa = PBXBuildFile; fileRef = FEE1F17D1BEB2DCD0096F7E4 /* panakiTests.swift */; };
		FEE1F1891BEB2DCD0096F7E4 /* panakiUITests.swift in Sources */ = {isa = PBXBuildFile; fileRef = FEE1F1881BEB2DCD0096F7E4 /* panakiUITests.swift */; };
/* End PBXBuildFile section */

/* Begin PBXContainerItemProxy section */
		FEE1F17A1BEB2DCD0096F7E4 /* PBXContainerItemProxy */ = {
			isa = PBXContainerItemProxy;
			containerPortal = FEE1F1591BEB2DCD0096F7E4 /* Project object */;
			proxyType = 1;
			remoteGlobalIDString = FEE1F1601BEB2DCD0096F7E4;
			remoteInfo = panaki;
		};
		FEE1F1851BEB2DCD0096F7E4 /* PBXContainerItemProxy */ = {
			isa = PBXContainerItemProxy;
			containerPortal = FEE1F1591BEB2DCD0096F7E4 /* Project object */;
			proxyType = 1;
			remoteGlobalIDString = FEE1F1601BEB2DCD0096F7E4;
			remoteInfo = panaki;
		};
/* End PBXContainerItemProxy section */

/* Begin PBXFileReference section */
		FEE1F1611BEB2DCD0096F7E4 /* panaki.app */ = {isa = PBXFileReference; explicitFileType = wrapper.application; includeInIndex = 0; path = panaki.app; sourceTree = BUILT_PRODUCTS_DIR; };
		FEE1F1641BEB2DCD0096F7E4 /* AppDelegate.swift */ = {isa = PBXFileReference; lastKnownFileType = sourcecode.swift; path = AppDelegate.swift; sourceTree = "<group>"; };
		FEE1F1661BEB2DCD0096F7E4 /* RootViewController.swift */ = {isa = PBXFileReference; lastKnownFileType = sourcecode.swift; path = RootViewController.swift; sourceTree = "<group>"; };
		FEE1F1681BEB2DCD0096F7E4 /* DataViewController.swift */ = {isa = PBXFileReference; lastKnownFileType = sourcecode.swift; path = DataViewController.swift; sourceTree = "<group>"; };
		FEE1F16A1BEB2DCD0096F7E4 /* ModelController.swift */ = {isa = PBXFileReference; lastKnownFileType = sourcecode.swift; path = ModelController.swift; sourceTree = "<group>"; };
		FEE1F16D1BEB2DCD0096F7E4 /* Base */ = {isa = PBXFileReference; lastKnownFileType = file.storyboard; name = Base; path = Base.lproj/Main.storyboard; sourceTree = "<group>"; };
		FEE1F16F1BEB2DCD0096F7E4 /* Assets.xcassets */ = {isa = PBXFileReference; lastKnownFileType = folder.assetcatalog; path = Assets.xcassets; sourceTree = "<group>"; };
		FEE1F1721BEB2DCD0096F7E4 /* Base */ = {isa = PBXFileReference; lastKnownFileType = file.storyboard; name = Base; path = Base.lproj/LaunchScreen.storyboard; sourceTree = "<group>"; };
		FEE1F1741BEB2DCD0096F7E4 /* Info.plist */ = {isa = PBXFileReference; lastKnownFileType = text.plist.xml; path = Info.plist; sourceTree = "<group>"; };
		FEE1F1791BEB2DCD0096F7E4 /* panakiTests.xctest */ = {isa = PBXFileReference; explicitFileType = wrapper.cfbundle; includeInIndex = 0; path = panakiTests.xctest; sourceTree = BUILT_PRODUCTS_DIR; };
		FEE1F17D1BEB2DCD0096F7E4 /* panakiTests.swift */ = {isa = PBXFileReference; lastKnownFileType = sourcecode.swift; path = panakiTests.swift; sourceTree = "<group>"; };
		FEE1F17F1BEB2DCD0096F7E4 /* Info.plist */ = {isa = PBXFileReference; lastKnownFileType = text.plist.xml; path = Info.plist; sourceTree = "<group>"; };
		FEE1F1841BEB2DCD0096F7E4 /* panakiUITests.xctest */ = {isa = PBXFileReference; explicitFileType = wrapper.cfbundle; includeInIndex = 0; path = panakiUITests.xctest; sourceTree = BUILT_PRODUCTS_DIR; };
		FEE1F1881BEB2DCD0096F7E4 /* panakiUITests.swift */ = {isa = PBXFileReference; lastKnownFileType = sourcecode.swift; path = panakiUITests.swift; sourceTree = "<group>"; };
		FEE1F18A1BEB2DCD0096F7E4 /* Info.plist */ = {isa = PBXFileReference; lastKnownFileType = text.plist.xml; path = Info.plist; sourceTree = "<group>"; };
/* End PBXFileReference section */

/* Begin PBXFrameworksBuildPhase section */
		FEE1F15E1BEB2DCD0096F7E4 /* Frameworks */ = {
			isa = PBXFrameworksBuildPhase;
			buildActionMask = 2147483647;
			files = (
			);
			runOnlyForDeploymentPostprocessing = 0;
		};
		FEE1F1761BEB2DCD0096F7E4 /* Frameworks */ = {
			isa = PBXFrameworksBuildPhase;
			buildActionMask = 2147483647;
			files = (
			);
			runOnlyForDeploymentPostprocessing = 0;
		};
		FEE1F1811BEB2DCD0096F7E4 /* Frameworks */ = {
			isa = PBXFrameworksBuildPhase;
			buildActionMask = 2147483647;
			files = (
			);
			runOnlyForDeploymentPostprocessing = 0;
		};
/* End PBXFrameworksBuildPhase section */

/* Begin PBXGroup section */
		FEE1F1581BEB2DCD0096F7E4 = {
			isa = PBXGroup;
			children = (
				FEE1F1631BEB2DCD0096F7E4 /* panaki */,
				FEE1F17C1BEB2DCD0096F7E4 /* panakiTests */,
				FEE1F1871BEB2DCD0096F7E4 /* panakiUITests */,
				FEE1F1621BEB2DCD0096F7E4 /* Products */,
			);
			sourceTree = "<group>";
		};
		FEE1F1621BEB2DCD0096F7E4 /* Products */ = {
			isa = PBXGroup;
			children = (
				FEE1F1611BEB2DCD0096F7E4 /* panaki.app */,
				FEE1F1791BEB2DCD0096F7E4 /* panakiTests.xctest */,
				FEE1F1841BEB2DCD0096F7E4 /* panakiUITests.xctest */,
			);
			name = Products;
			sourceTree = "<group>";
		};
		FEE1F1631BEB2DCD0096F7E4 /* panaki */ = {
			isa = PBXGroup;
			children = (
				FEE1F1641BEB2DCD0096F7E4 /* AppDelegate.swift */,
				FEE1F1661BEB2DCD0096F7E4 /* RootViewController.swift */,
				FEE1F1681BEB2DCD0096F7E4 /* DataViewController.swift */,
				FEE1F16A1BEB2DCD0096F7E4 /* ModelController.swift */,
				FEE1F16C1BEB2DCD0096F7E4 /* Main.storyboard */,
				FEE1F16F1BEB2DCD0096F7E4 /* Assets.xcassets */,
				FEE1F1711BEB2DCD0096F7E4 /* LaunchScreen.storyboard */,
				FEE1F1741BEB2DCD0096F7E4 /* Info.plist */,
			);
			path = panaki;
			sourceTree = "<group>";
		};
		FEE1F17C1BEB2DCD0096F7E4 /* panakiTests */ = {
			isa = PBXGroup;
			children = (
				FEE1F17D1BEB2DCD0096F7E4 /* panakiTests.swift */,
				FEE1F17F1BEB2DCD0096F7E4 /* Info.plist */,
			);
			path = panakiTests;
			sourceTree = "<group>";
		};
		FEE1F1871BEB2DCD0096F7E4 /* panakiUITests */ = {
			isa = PBXGroup;
			children = (
				FEE1F1881BEB2DCD0096F7E4 /* panakiUITests.swift */,
				FEE1F18A1BEB2DCD0096F7E4 /* Info.plist */,
			);
			path = panakiUITests;
			sourceTree = "<group>";
		};
/* End PBXGroup section */

/* Begin PBXNativeTarget section */
		FEE1F1601BEB2DCD0096F7E4 /* panaki */ = {
			isa = PBXNativeTarget;
			buildConfigurationList = FEE1F18D1BEB2DCD0096F7E4 /* Build configuration list for PBXNativeTarget "panaki" */;
			buildPhases = (
				FEE1F15D1BEB2DCD0096F7E4 /* Sources */,
				FEE1F15E1BEB2DCD0096F7E4 /* Frameworks */,
				FEE1F15F1BEB2DCD0096F7E4 /* Resources */,
			);
			buildRules = (
			);
			dependencies = (
			);
			name = panaki;
			productName = panaki;
			productReference = FEE1F1611BEB2DCD0096F7E4 /* panaki.app */;
			productType = "com.apple.product-type.application";
		};
		FEE1F1781BEB2DCD0096F7E4 /* panakiTests */ = {
			isa = PBXNativeTarget;
			buildConfigurationList = FEE1F1901BEB2DCD0096F7E4 /* Build configuration list for PBXNativeTarget "panakiTests" */;
			buildPhases = (
				FEE1F1751BEB2DCD0096F7E4 /* Sources */,
				FEE1F1761BEB2DCD0096F7E4 /* Frameworks */,
				FEE1F1771BEB2DCD0096F7E4 /* Resources */,
			);
			buildRules = (
			);
			dependencies = (
				FEE1F17B1BEB2DCD0096F7E4 /* PBXTargetDependency */,
			);
			name = panakiTests;
			productName = panakiTests;
			productReference = FEE1F1791BEB2DCD0096F7E4 /* panakiTests.xctest */;
			productType = "com.apple.product-type.bundle.unit-test";
		};
		FEE1F1831BEB2DCD0096F7E4 /* panakiUITests */ = {
			isa = PBXNativeTarget;
			buildConfigurationList = FEE1F1931BEB2DCD0096F7E4 /* Build configuration list for PBXNativeTarget "panakiUITests" */;
			buildPhases = (
				FEE1F1801BEB2DCD0096F7E4 /* Sources */,
				FEE1F1811BEB2DCD0096F7E4 /* Frameworks */,
				FEE1F1821BEB2DCD0096F7E4 /* Resources */,
			);
			buildRules = (
			);
			dependencies = (
				FEE1F1861BEB2DCD0096F7E4 /* PBXTargetDependency */,
			);
			name = panakiUITests;
			productName = panakiUITests;
			productReference = FEE1F1841BEB2DCD0096F7E4 /* panakiUITests.xctest */;
			productType = "com.apple.product-type.bundle.ui-testing";
		};
/* End PBXNativeTarget section */

/* Begin PBXProject section */
		FEE1F1591BEB2DCD0096F7E4 /* Project object */ = {
			isa = PBXProject;
			attributes = {
				LastSwiftUpdateCheck = 0710;
				LastUpgradeCheck = 0710;
				ORGANIZATIONNAME = Kazuma;
				TargetAttributes = {
					FEE1F1601BEB2DCD0096F7E4 = {
						CreatedOnToolsVersion = 7.1;
						DevelopmentTeam = 4RW234Q67J;
					};
					FEE1F1781BEB2DCD0096F7E4 = {
						CreatedOnToolsVersion = 7.1;
						DevelopmentTeam = 4RW234Q67J;
						TestTargetID = FEE1F1601BEB2DCD0096F7E4;
					};
					FEE1F1831BEB2DCD0096F7E4 = {
						CreatedOnToolsVersion = 7.1;
						DevelopmentTeam = 4RW234Q67J;
						TestTargetID = FEE1F1601BEB2DCD0096F7E4;
					};
				};
			};
			buildConfigurationList = FEE1F15C1BEB2DCD0096F7E4 /* Build configuration list for PBXProject "panaki" */;
			compatibilityVersion = "Xcode 3.2";
			developmentRegion = English;
			hasScannedForEncodings = 0;
			knownRegions = (
				en,
				Base,
			);
			mainGroup = FEE1F1581BEB2DCD0096F7E4;
			productRefGroup = FEE1F1621BEB2DCD0096F7E4 /* Products */;
			projectDirPath = "";
			projectRoot = "";
			targets = (
				FEE1F1601BEB2DCD0096F7E4 /* panaki */,
				FEE1F1781BEB2DCD0096F7E4 /* panakiTests */,
				FEE1F1831BEB2DCD0096F7E4 /* panakiUITests */,
			);
		};
/* End PBXProject section */

/* Begin PBXResourcesBuildPhase section */
		FEE1F15F1BEB2DCD0096F7E4 /* Resources */ = {
			isa = PBXResourcesBuildPhase;
			buildActionMask = 2147483647;
			files = (
				FEE1F1731BEB2DCD0096F7E4 /* LaunchScreen.storyboard in Resources */,
				FEE1F1701BEB2DCD0096F7E4 /* Assets.xcassets in Resources */,
				FEE1F16E1BEB2DCD0096F7E4 /* Main.storyboard in Resources */,
			);
			runOnlyForDeploymentPostprocessing = 0;
		};
		FEE1F1771BEB2DCD0096F7E4 /* Resources */ = {
			isa = PBXResourcesBuildPhase;
			buildActionMask = 2147483647;
			files = (
			);
			runOnlyForDeploymentPostprocessing = 0;
		};
		FEE1F1821BEB2DCD0096F7E4 /* Resources */ = {
			isa = PBXResourcesBuildPhase;
			buildActionMask = 2147483647;
			files = (
			);
			runOnlyForDeploymentPostprocessing = 0;
		};
/* End PBXResourcesBuildPhase section */

/* Begin PBXSourcesBuildPhase section */
		FEE1F15D1BEB2DCD0096F7E4 /* Sources */ = {
			isa = PBXSourcesBuildPhase;
			buildActionMask = 2147483647;
			files = (
				FEE1F1671BEB2DCD0096F7E4 /* RootViewController.swift in Sources */,
				FEE1F16B1BEB2DCD0096F7E4 /* ModelController.swift in Sources */,
				FEE1F1691BEB2DCD0096F7E4 /* DataViewController.swift in Sources */,
				FEE1F1651BEB2DCD0096F7E4 /* AppDelegate.swift in Sources */,
			);
			runOnlyForDeploymentPostprocessing = 0;
		};
		FEE1F1751BEB2DCD0096F7E4 /* Sources */ = {
			isa = PBXSourcesBuildPhase;
			buildActionMask = 2147483647;
			files = (
				FEE1F17E1BEB2DCD0096F7E4 /* panakiTests.swift in Sources */,
			);
			runOnlyForDeploymentPostprocessing = 0;
		};
		FEE1F1801BEB2DCD0096F7E4 /* Sources */ = {
			isa = PBXSourcesBuildPhase;
			buildActionMask = 2147483647;
			files = (
				FEE1F1891BEB2DCD0096F7E4 /* panakiUITests.swift in Sources */,
			);
			runOnlyForDeploymentPostprocessing = 0;
		};
/* End PBXSourcesBuildPhase section */

/* Begin PBXTargetDependency section */
		FEE1F17B1BEB2DCD0096F7E4 /* PBXTargetDependency */ = {
			isa = PBXTargetDependency;
			target = FEE1F1601BEB2DCD0096F7E4 /* panaki */;
			targetProxy = FEE1F17A1BEB2DCD0096F7E4 /* PBXContainerItemProxy */;
		};
		FEE1F1861BEB2DCD0096F7E4 /* PBXTargetDependency */ = {
			isa = PBXTargetDependency;
			target = FEE1F1601BEB2DCD0096F7E4 /* panaki */;
			targetProxy = FEE1F1851BEB2DCD0096F7E4 /* PBXContainerItemProxy */;
		};
/* End PBXTargetDependency section */

/* Begin PBXVariantGroup section */
		FEE1F16C1BEB2DCD0096F7E4 /* Main.storyboard */ = {
			isa = PBXVariantGroup;
			children = (
				FEE1F16D1BEB2DCD0096F7E4 /* Base */,
			);
			name = Main.storyboard;
			sourceTree = "<group>";
		};
		FEE1F1711BEB2DCD0096F7E4 /* LaunchScreen.storyboard */ = {
			isa = PBXVariantGroup;
			children = (
				FEE1F1721BEB2DCD0096F7E4 /* Base */,
			);
			name = LaunchScreen.storyboard;
			sourceTree = "<group>";
		};
/* End PBXVariantGroup section */

/* Begin XCBuildConfiguration section */
		FEE1F18B1BEB2DCD0096F7E4 /* Debug */ = {
			isa = XCBuildConfiguration;
			buildSettings = {
				ALWAYS_SEARCH_USER_PATHS = NO;
				CLANG_CXX_LANGUAGE_STANDARD = "gnu++0x";
				CLANG_CXX_LIBRARY = "libc++";
				CLANG_ENABLE_MODULES = YES;
				CLANG_ENABLE_OBJC_ARC = YES;
				CLANG_WARN_BOOL_CONVERSION = YES;
				CLANG_WARN_CONSTANT_CONVERSION = YES;
				CLANG_WARN_DIRECT_OBJC_ISA_USAGE = YES_ERROR;
				CLANG_WARN_EMPTY_BODY = YES;
				CLANG_WARN_ENUM_CONVERSION = YES;
				CLANG_WARN_INT_CONVERSION = YES;
				CLANG_WARN_OBJC_ROOT_CLASS = YES_ERROR;
				CLANG_WARN_UNREACHABLE_CODE = YES;
				CLANG_WARN__DUPLICATE_METHOD_MATCH = YES;
				"CODE_SIGN_IDENTITY[sdk=iphoneos*]" = "iPhone Developer";
				COPY_PHASE_STRIP = NO;
				DEBUG_INFORMATION_FORMAT = dwarf;
				ENABLE_STRICT_OBJC_MSGSEND = YES;
				ENABLE_TESTABILITY = YES;
				GCC_C_LANGUAGE_STANDARD = gnu99;
				GCC_DYNAMIC_NO_PIC = NO;
				GCC_NO_COMMON_BLOCKS = YES;
				GCC_OPTIMIZATION_LEVEL = 0;
				GCC_PREPROCESSOR_DEFINITIONS = (
					"DEBUG=1",
					"$(inherited)",
				);
				GCC_WARN_64_TO_32_BIT_CONVERSION = YES;
				GCC_WARN_ABOUT_RETURN_TYPE = YES_ERROR;
				GCC_WARN_UNDECLARED_SELECTOR = YES;
				GCC_WARN_UNINITIALIZED_AUTOS = YES_AGGRESSIVE;
				GCC_WARN_UNUSED_FUNCTION = YES;
				GCC_WARN_UNUSED_VARIABLE = YES;
				IPHONEOS_DEPLOYMENT_TARGET = 9.1;
				MTL_ENABLE_DEBUG_INFO = YES;
				ONLY_ACTIVE_ARCH = YES;
				SDKROOT = iphoneos;
				SWIFT_OPTIMIZATION_LEVEL = "-Onone";
				TARGETED_DEVICE_FAMILY = "1,2";
			};
			name = Debug;
		};
		FEE1F18C1BEB2DCD0096F7E4 /* Release */ = {
			isa = XCBuildConfiguration;
			buildSettings = {
				ALWAYS_SEARCH_USER_PATHS = NO;
				CLANG_CXX_LANGUAGE_STANDARD = "gnu++0x";
				CLANG_CXX_LIBRARY = "libc++";
				CLANG_ENABLE_MODULES = YES;
				CLANG_ENABLE_OBJC_ARC = YES;
				CLANG_WARN_BOOL_CONVERSION = YES;
				CLANG_WARN_CONSTANT_CONVERSION = YES;
				CLANG_WARN_DIRECT_OBJC_ISA_USAGE = YES_ERROR;
				CLANG_WARN_EMPTY_BODY = YES;
				CLANG_WARN_ENUM_CONVERSION = YES;
				CLANG_WARN_INT_CONVERSION = YES;
				CLANG_WARN_OBJC_ROOT_CLASS = YES_ERROR;
				CLANG_WARN_UNREACHABLE_CODE = YES;
				CLANG_WARN__DUPLICATE_METHOD_MATCH = YES;
				"CODE_SIGN_IDENTITY[sdk=iphoneos*]" = "iPhone Developer";
				COPY_PHASE_STRIP = NO;
				DEBUG_INFORMATION_FORMAT = "dwarf-with-dsym";
				ENABLE_NS_ASSERTIONS = NO;
				ENABLE_STRICT_OBJC_MSGSEND = YES;
				GCC_C_LANGUAGE_STANDARD = gnu99;
				GCC_NO_COMMON_BLOCKS = YES;
				GCC_WARN_64_TO_32_BIT_CONVERSION = YES;
				GCC_WARN_ABOUT_RETURN_TYPE = YES_ERROR;
				GCC_WARN_UNDECLARED_SELECTOR = YES;
				GCC_WARN_UNINITIALIZED_AUTOS = YES_AGGRESSIVE;
				GCC_WARN_UNUSED_FUNCTION = YES;
				GCC_WARN_UNUSED_VARIABLE = YES;
				IPHONEOS_DEPLOYMENT_TARGET = 9.1;
				MTL_ENABLE_DEBUG_INFO = NO;
				SDKROOT = iphoneos;
				TARGETED_DEVICE_FAMILY = "1,2";
				VALIDATE_PRODUCT = YES;
			};
			name = Release;
		};
		FEE1F18E1BEB2DCD0096F7E4 /* Debug */ = {
			isa = XCBuildConfiguration;
			buildSettings = {
				ASSETCATALOG_COMPILER_APPICON_NAME = AppIcon;
				CODE_SIGN_IDENTITY = "iPhone Developer";
				INFOPLIST_FILE = panaki/Info.plist;
				LD_RUNPATH_SEARCH_PATHS = "$(inherited) @executable_path/Frameworks";
				PRODUCT_BUNDLE_IDENTIFIER = kazumalab.panaki;
				PRODUCT_NAME = "$(TARGET_NAME)";
			};
			name = Debug;
		};
		FEE1F18F1BEB2DCD0096F7E4 /* Release */ = {
			isa = XCBuildConfiguration;
			buildSettings = {
				ASSETCATALOG_COMPILER_APPICON_NAME = AppIcon;
				CODE_SIGN_IDENTITY = "iPhone Developer";
				INFOPLIST_FILE = panaki/Info.plist;
				LD_RUNPATH_SEARCH_PATHS = "$(inherited) @executable_path/Frameworks";
				PRODUCT_BUNDLE_IDENTIFIER = kazumalab.panaki;
				PRODUCT_NAME = "$(TARGET_NAME)";
			};
			name = Release;
		};
		FEE1F1911BEB2DCD0096F7E4 /* Debug */ = {
			isa = XCBuildConfiguration;
			buildSettings = {
				BUNDLE_LOADER = "$(TEST_HOST)";
				INFOPLIST_FILE = panakiTests/Info.plist;
				LD_RUNPATH_SEARCH_PATHS = "$(inherited) @executable_path/Frameworks @loader_path/Frameworks";
				PRODUCT_BUNDLE_IDENTIFIER = kazumalab.panakiTests;
				PRODUCT_NAME = "$(TARGET_NAME)";
				TEST_HOST = "$(BUILT_PRODUCTS_DIR)/panaki.app/panaki";
			};
			name = Debug;
		};
		FEE1F1921BEB2DCD0096F7E4 /* Release */ = {
			isa = XCBuildConfiguration;
			buildSettings = {
				BUNDLE_LOADER = "$(TEST_HOST)";
				INFOPLIST_FILE = panakiTests/Info.plist;
				LD_RUNPATH_SEARCH_PATHS = "$(inherited) @executable_path/Frameworks @loader_path/Frameworks";
				PRODUCT_BUNDLE_IDENTIFIER = kazumalab.panakiTests;
				PRODUCT_NAME = "$(TARGET_NAME)";
				TEST_HOST = "$(BUILT_PRODUCTS_DIR)/panaki.app/panaki";
			};
			name = Release;
		};
		FEE1F1941BEB2DCD0096F7E4 /* Debug */ = {
			isa = XCBuildConfiguration;
			buildSettings = {
				INFOPLIST_FILE = panakiUITests/Info.plist;
				LD_RUNPATH_SEARCH_PATHS = "$(inherited) @executable_path/Frameworks @loader_path/Frameworks";
				PRODUCT_BUNDLE_IDENTIFIER = kazumalab.panakiUITests;
				PRODUCT_NAME = "$(TARGET_NAME)";
				TEST_TARGET_NAME = panaki;
				USES_XCTRUNNER = YES;
			};
			name = Debug;
		};
		FEE1F1951BEB2DCD0096F7E4 /* Release */ = {
			isa = XCBuildConfiguration;
			buildSettings = {
				INFOPLIST_FILE = panakiUITests/Info.plist;
				LD_RUNPATH_SEARCH_PATHS = "$(inherited) @executable_path/Frameworks @loader_path/Frameworks";
				PRODUCT_BUNDLE_IDENTIFIER = kazumalab.panakiUITests;
				PRODUCT_NAME = "$(TARGET_NAME)";
				TEST_TARGET_NAME = panaki;
				USES_XCTRUNNER = YES;
			};
			name = Release;
		};
/* End XCBuildConfiguration section */

/* Begin XCConfigurationList section */
		FEE1F15C1BEB2DCD0096F7E4 /* Build configuration list for PBXProject "panaki" */ = {
			isa = XCConfigurationList;
			buildConfigurations = (
				FEE1F18B1BEB2DCD0096F7E4 /* Debug */,
				FEE1F18C1BEB2DCD0096F7E4 /* Release */,
			);
			defaultConfigurationIsVisible = 0;
			defaultConfigurationName = Release;
		};
		FEE1F18D1BEB2DCD0096F7E4 /* Build configuration list for PBXNativeTarget "panaki" */ = {
			isa = XCConfigurationList;
			buildConfigurations = (
				FEE1F18E1BEB2DCD0096F7E4 /* Debug */,
				FEE1F18F1BEB2DCD0096F7E4 /* Release */,
			);
			defaultConfigurationIsVisible = 0;
		};
		FEE1F1901BEB2DCD0096F7E4 /* Build configuration list for PBXNativeTarget "panakiTests" */ = {
			isa = XCConfigurationList;
			buildConfigurations = (
				FEE1F1911BEB2DCD0096F7E4 /* Debug */,
				FEE1F1921BEB2DCD0096F7E4 /* Release */,
			);
			defaultConfigurationIsVisible = 0;
		};
		FEE1F1931BEB2DCD0096F7E4 /* Build configuration list for PBXNativeTarget "panakiUITests" */ = {
			isa = XCConfigurationList;
			buildConfigurations = (
				FEE1F1941BEB2DCD0096F7E4 /* Debug */,
				FEE1F1951BEB2DCD0096F7E4 /* Release */,
			);
			defaultConfigurationIsVisible = 0;
		};
/* End XCConfigurationList section */
	};
	rootObject = FEE1F1591BEB2DCD0096F7E4 /* Project object */;
}
